{"SurveyEntry":{"SurveyID":"SV_5yxDNtGmZQgw2tU","SurveyName":"Curiosity Combo Survey","SurveyDescription":null,"SurveyOwnerID":"UR_3aglNhhXGEe1ufk","SurveyBrandID":"ubc","DivisionID":"DV_9A009OcMz4Ryzzv","SurveyLanguage":"EN","SurveyActiveResponseSet":"RS_0Nx0CsQK4uF3Lvg","SurveyStatus":"Inactive","SurveyStartDate":"0000-00-00 00:00:00","SurveyExpirationDate":"0000-00-00 00:00:00","SurveyCreationDate":"2021-07-15 20:58:25","CreatorID":"UR_3aglNhhXGEe1ufk","LastModified":"2021-09-14 14:49:06","LastAccessed":"0000-00-00 00:00:00","LastActivated":"0000-00-00 00:00:00","Deleted":null},"SurveyElements":[{"SurveyID":"SV_5yxDNtGmZQgw2tU","Element":"BL","PrimaryAttribute":"Survey Blocks","SecondaryAttribute":null,"TertiaryAttribute":null,"Payload":[{"Type":"Default","Description":"Default Question Block","ID":"BL_0JoXlvobZjAWQyG","BlockElements":[{"Type":"Question","QuestionID":"QID11"},{"Type":"Page Break"},{"Type":"Question","QuestionID":"QID12"},{"Type":"Page Break"},{"Type":"Question","QuestionID":"QID13"},{"Type":"Page Break"},{"Type":"Question","QuestionID":"QID14"}],"Options":{"BlockLocking":"false","RandomizeQuestions":"false","Looping":"None","LoopingOptions":null}},{"Type":"Trash","Description":"Trash \/ Unused Questions","ID":"BL_d7k6ilIQagSGbu6","BlockElements":[]},{"Type":"Standard","SubType":"","Description":"Block 1","ID":"BL_81YVkg2InZJe3qK","BlockElements":[{"Type":"Question","QuestionID":"QID15"},{"Type":"Question","QuestionID":"QID25"},{"Type":"Page Break"},{"Type":"Question","QuestionID":"QID1"},{"Type":"Question","QuestionID":"QID8"},{"Type":"Page Break"},{"Type":"Question","QuestionID":"QID2"},{"Type":"Question","QuestionID":"QID3"},{"Type":"Page Break"},{"Type":"Question","QuestionID":"QID4"},{"Type":"Page Break"},{"Type":"Question","QuestionID":"QID5"},{"Type":"Question","QuestionID":"QID9"},{"Type":"Page Break"},{"Type":"Question","QuestionID":"QID6"},{"Type":"Question","QuestionID":"QID10"},{"Type":"Page Break"},{"Type":"Question","QuestionID":"QID7"}],"Options":{"BlockLocking":"false","RandomizeQuestions":"false","Looping":"Static","LoopingOptions":{"Static":{"1":{"1":"0"},"2":{"1":"1"},"3":{"1":"2"},"4":{"1":"3"},"5":{"1":"4"},"6":{"1":"5"},"7":{"1":"6"},"8":{"1":"7"},"9":{"1":"8"},"10":{"1":"9"},"11":{"1":"10"},"12":{"1":"11"},"13":{"1":"12"},"14":{"1":"13"},"15":{"1":"14"},"16":{"1":"15"},"17":{"1":"16"},"18":{"1":"17"},"19":{"1":"18"},"20":{"1":"19"},"21":{"1":"20"},"22":{"1":"21"},"23":{"1":"22"},"24":{"1":"23"},"25":{"1":"24"},"26":{"1":"25"},"27":{"1":"26"},"28":{"1":"27"},"29":{"1":"28"},"30":{"1":"29"},"31":{"1":"30"},"32":{"1":"31"},"33":{"1":"32"},"34":{"1":"33"},"35":{"1":"34"},"36":{"1":"35"},"37":{"1":"36"},"38":{"1":"37"},"39":{"1":"38"},"40":{"1":"39"},"41":{"1":"40"},"42":{"1":"41"},"43":{"1":"42"},"44":{"1":"43"},"45":{"1":"44"},"46":{"1":"45"},"47":{"1":"46"},"48":{"1":"47"},"49":{"1":"48"},"50":{"1":"49"},"51":{"1":"50"},"52":{"1":"51"},"53":{"1":"52"},"54":{"1":"53"},"55":{"1":"54"},"56":{"1":"55"},"57":{"1":"56"},"58":{"1":"57"},"59":{"1":"58"},"60":{"1":"59"},"61":{"1":"60"},"62":{"1":"61"},"63":{"1":"62"},"64":{"1":"63"},"65":{"1":"64"},"66":{"1":"65"},"67":{"1":"66"},"68":{"1":"67"},"69":{"1":"68"},"70":{"1":"69"},"71":{"1":"70"},"72":{"1":"71"},"73":{"1":"72"},"74":{"1":"73"},"75":{"1":"74"},"76":{"1":"75"},"77":{"1":"76"},"78":{"1":"77"},"79":{"1":"78"},"80":{"1":"79"}},"Randomization":"None"},"BlockVisibility":"Expanded"}},{"Type":"Standard","SubType":"","Description":"Block 2","ID":"BL_3z7g5LyE01NK6CW","BlockElements":[{"Type":"Question","QuestionID":"QID16"}]},{"Type":"Standard","SubType":"","Description":"Block 3","ID":"BL_7R5HWbAyIrFkrcy","BlockElements":[{"Type":"Question","QuestionID":"QID18"},{"Type":"Question","QuestionID":"QID24"},{"Type":"Page Break"},{"Type":"Question","QuestionID":"QID19"},{"Type":"Question","QuestionID":"QID20"},{"Type":"Page Break"},{"Type":"Question","QuestionID":"QID21"},{"Type":"Page Break"},{"Type":"Question","QuestionID":"QID22"}],"Options":{"BlockLocking":"false","RandomizeQuestions":"false","Looping":"Static","LoopingOptions":{"Static":{"1":{"1":"0"},"2":{"1":"1"},"3":{"1":"2"},"4":{"1":"3"},"5":{"1":"4"},"6":{"1":"5"},"7":{"1":"6"},"8":{"1":"7"},"9":{"1":"8"},"10":{"1":"9"},"11":{"1":"10"},"12":{"1":"11"},"13":{"1":"12"},"14":{"1":"13"},"15":{"1":"14"},"16":{"1":"15"},"17":{"1":"16"},"18":{"1":"17"},"19":{"1":"18"},"20":{"1":"19"},"21":{"1":"20"},"22":{"1":"21"},"23":{"1":"22"},"24":{"1":"23"},"25":{"1":"24"},"26":{"1":"25"},"27":{"1":"26"},"28":{"1":"27"},"29":{"1":"28"},"30":{"1":"29"},"31":{"1":"30"},"32":{"1":"31"},"33":{"1":"32"},"34":{"1":"33"},"35":{"1":"34"},"36":{"1":"35"},"37":{"1":"36"},"38":{"1":"37"},"39":{"1":"38"},"40":{"1":"39"},"41":{"1":"40"},"42":{"1":"41"},"43":{"1":"42"},"44":{"1":"43"},"45":{"1":"44"},"46":{"1":"45"},"47":{"1":"46"},"48":{"1":"47"},"49":{"1":"48"},"50":{"1":"49"},"51":{"1":"50"},"52":{"1":"51"},"53":{"1":"52"},"54":{"1":"53"},"55":{"1":"54"},"56":{"1":"55"},"57":{"1":"56"},"58":{"1":"57"},"59":{"1":"58"},"60":{"1":"59"},"61":{"1":"60"},"62":{"1":"61"},"63":{"1":"62"},"64":{"1":"63"},"65":{"1":"64"},"66":{"1":"65"},"67":{"1":"66"},"68":{"1":"67"},"69":{"1":"68"},"70":{"1":"69"},"71":{"1":"70"},"72":{"1":"71"},"73":{"1":"72"},"74":{"1":"73"},"75":{"1":"74"},"76":{"1":"75"},"77":{"1":"76"},"78":{"1":"77"},"79":{"1":"78"},"80":{"1":"79"},"81":{"1":"80"},"82":{"1":"81"},"83":{"1":"82"},"84":{"1":"83"},"85":{"1":"84"},"86":{"1":"85"},"87":{"1":"86"},"88":{"1":"87"},"89":{"1":"88"},"90":{"1":"89"},"91":{"1":"90"},"92":{"1":"91"},"93":{"1":"92"},"94":{"1":"93"},"95":{"1":"94"},"96":{"1":"95"},"97":{"1":"96"},"98":{"1":"97"},"99":{"1":"98"},"100":{"1":"99"}},"Randomization":"All"}}},{"Type":"Standard","SubType":"","Description":"Block 4","ID":"BL_cYCLxyBoXsWKb5Q","BlockElements":[{"Type":"Question","QuestionID":"QID23"}],"Options":{"BlockLocking":"false","RandomizeQuestions":"false","BlockVisibility":"Expanded"}}]},{"SurveyID":"SV_5yxDNtGmZQgw2tU","Element":"FL","PrimaryAttribute":"Survey Flow","SecondaryAttribute":null,"TertiaryAttribute":null,"Payload":{"Type":"Root","FlowID":"FL_1","Flow":[{"Type":"EmbeddedData","FlowID":"FL_7","EmbeddedData":[{"Description":"indicies","Type":"Recipient","Field":"indicies","VariableType":"String","DataVisibility":[],"AnalyzeText":false},{"Description":"currentVal","Type":"Recipient","Field":"currentVal","VariableType":"String","DataVisibility":[],"AnalyzeText":false}]},{"Type":"BlockRandomizer","FlowID":"FL_171263354940","SubSet":1,"Flow":[{"Type":"Group","FlowID":"FL_171263354939","Description":"Untitled Group","Flow":[{"Type":"Block","ID":"BL_0JoXlvobZjAWQyG","FlowID":"FL_2","Autofill":[]},{"Type":"Standard","ID":"BL_81YVkg2InZJe3qK","FlowID":"FL_5","Autofill":[]},{"Type":"Standard","ID":"BL_3z7g5LyE01NK6CW","FlowID":"FL_8","Autofill":[]},{"Type":"Standard","ID":"BL_7R5HWbAyIrFkrcy","FlowID":"FL_9","Autofill":[]},{"Type":"Standard","ID":"BL_cYCLxyBoXsWKb5Q","FlowID":"FL_10","Autofill":[]}]}]}],"Properties":{"Count":171273829234,"RemovedFieldsets":[]}}},{"SurveyID":"SV_5yxDNtGmZQgw2tU","Element":"RS","PrimaryAttribute":"RS_0Nx0CsQK4uF3Lvg","SecondaryAttribute":null,"TertiaryAttribute":null,"Payload":null},{"SurveyID":"SV_5yxDNtGmZQgw2tU","Element":"SO","PrimaryAttribute":"Survey Options","SecondaryAttribute":null,"TertiaryAttribute":null,"Payload":{"BackButton":"false","SaveAndContinue":"true","SurveyProtection":"PublicSurvey","BallotBoxStuffingPrevention":"false","NoIndex":"Yes","SecureResponseFiles":"true","SurveyExpiration":"None","SurveyTermination":"DefaultMessage","Header":"","Footer":"","ProgressBarDisplay":"None","PartialData":"+1 week","ValidationMessage":null,"PreviousButton":" \u2190 ","NextButton":" \u2192 ","SurveyTitle":"Qualtrics Survey | Qualtrics Experience Management","SkinLibrary":"ubc","SkinType":"templated","Skin":{"brandingId":"968975653","templateId":"*base","overrides":null},"NewScoring":1,"EOSMessage":null,"ShowExportTags":"false","CollectGeoLocation":"false","SurveyMetaDescription":"The most powerful, simple and trusted way to gather experience data. Start your journey to experience management and try a free account today.","PasswordProtection":"No","AnonymizeResponse":"No","RefererCheck":"No","UseCustomSurveyLinkCompletedMessage":null,"SurveyLinkCompletedMessage":null,"SurveyLinkCompletedMessageLibrary":null,"ResponseSummary":"No","EOSMessageLibrary":null,"EOSRedirectURL":null,"EmailThankYou":"false","ThankYouEmailMessageLibrary":null,"ThankYouEmailMessage":null,"ValidateMessage":"false","ValidationMessageLibrary":null,"InactiveSurvey":null,"PartialDeletion":null,"PartialDataCloseAfter":"LastActivity","InactiveMessageLibrary":null,"InactiveMessage":null,"AvailableLanguages":{"EN":[]},"ProtectSelectionIds":true}},{"SurveyID":"SV_5yxDNtGmZQgw2tU","Element":"SCO","PrimaryAttribute":"Scoring","SecondaryAttribute":null,"TertiaryAttribute":null,"Payload":{"ScoringCategories":[],"ScoringCategoryGroups":[],"ScoringSummaryCategory":null,"ScoringSummaryAfterQuestions":0,"ScoringSummaryAfterSurvey":0,"DefaultScoringCategory":null,"AutoScoringCategory":null}},{"SurveyID":"SV_5yxDNtGmZQgw2tU","Element":"PROJ","PrimaryAttribute":"CORE","SecondaryAttribute":null,"TertiaryAttribute":"1.1.0","Payload":{"ProjectCategory":"CORE","SchemaVersion":"1.1.0"}},{"SurveyID":"SV_5yxDNtGmZQgw2tU","Element":"STAT","PrimaryAttribute":"Survey Statistics","SecondaryAttribute":null,"TertiaryAttribute":null,"Payload":{"MobileCompatible":true,"ID":"Survey Statistics"}},{"SurveyID":"SV_5yxDNtGmZQgw2tU","Element":"SQ","PrimaryAttribute":"QID1","SecondaryAttribute":" ","TertiaryAttribute":null,"Payload":{"QuestionText":"<div style=\"text-align: center;\"><img src=\"https:\/\/raw.githubusercontent.com\/hoenir\/mooneyExp\/master\/img\/tt\/${e:\/\/Field\/currentVal}tt.jpg\" \/><\/div>","DefaultChoices":false,"DataExportTag":"Q1","QuestionID":"QID1","QuestionType":"DB","Selector":"GRB","Configuration":{"QuestionDescriptionOption":"UseText"},"QuestionDescription":" ","ChoiceOrder":[],"Validation":{"Settings":{"Type":"None"}},"GradingData":[],"Language":[],"NextChoiceId":4,"NextAnswerId":1,"SubSelector":"WTXB","DataVisibility":{"Private":false,"Hidden":false},"QuestionJS":false}},{"SurveyID":"SV_5yxDNtGmZQgw2tU","Element":"SQ","PrimaryAttribute":"QID5","SecondaryAttribute":" ","TertiaryAttribute":null,"Payload":{"QuestionText":"<div style=\"text-align: center;\"><img src=\"https:\/\/raw.githubusercontent.com\/hoenir\/mooneyExp\/master\/img\/gs\/${e:\/\/Field\/currentVal}gs.jpg\" \/><\/div>","DefaultChoices":false,"DataExportTag":"Q5","QuestionType":"DB","Selector":"TB","Configuration":{"QuestionDescriptionOption":"UseText"},"QuestionDescription":" ","ChoiceOrder":[],"Validation":{"Settings":{"Type":"None"}},"GradingData":[],"Language":[],"NextChoiceId":4,"NextAnswerId":1,"QuestionID":"QID5","DataVisibility":{"Private":false,"Hidden":false},"QuestionJS":false}},{"SurveyID":"SV_5yxDNtGmZQgw2tU","Element":"SQ","PrimaryAttribute":"QID6","SecondaryAttribute":" ","TertiaryAttribute":null,"Payload":{"QuestionText":"<div style=\"text-align: center;\"><img src=\"https:\/\/raw.githubusercontent.com\/hoenir\/mooneyExp\/master\/img\/tt\/${e:\/\/Field\/currentVal}tt.jpg\" \/><\/div>","DefaultChoices":false,"DataExportTag":"Q6","QuestionType":"DB","Selector":"TB","Configuration":{"QuestionDescriptionOption":"UseText"},"QuestionDescription":" ","ChoiceOrder":[],"Validation":{"Settings":{"Type":"None"}},"GradingData":[],"Language":[],"NextChoiceId":4,"NextAnswerId":1,"QuestionID":"QID6","DataVisibility":{"Private":false,"Hidden":false},"QuestionJS":false}},{"SurveyID":"SV_5yxDNtGmZQgw2tU","Element":"SQ","PrimaryAttribute":"QID19","SecondaryAttribute":" ","TertiaryAttribute":null,"Payload":{"QuestionText":"<div style=\"text-align: center;\"><img src=\"https:\/\/raw.githubusercontent.com\/hoenir\/mooneyExp\/master\/img\/tt\/${e:\/\/Field\/currentVal}tt.jpg\" \/><\/div>","DefaultChoices":false,"DataExportTag":"Q19","QuestionType":"DB","Selector":"TB","Configuration":{"QuestionDescriptionOption":"UseText"},"QuestionDescription":" ","ChoiceOrder":[],"Validation":{"Settings":{"Type":"None"}},"GradingData":[],"Language":[],"NextChoiceId":4,"NextAnswerId":1,"QuestionID":"QID19"}},{"SurveyID":"SV_5yxDNtGmZQgw2tU","Element":"SQ","PrimaryAttribute":"QID15","SecondaryAttribute":"+","TertiaryAttribute":null,"Payload":{"QuestionText":"<div style=\"text-align: center;\">+<\/div>","QuestionJS":"Qualtrics.SurveyEngine.addOnload(function()\n{\n\t\/*Place your JavaScript here to run when the page loads*\/\n\n\t\n\tvar x = String(Qualtrics.SurveyEngine.getEmbeddedData('indicies'))\nvar myArr = x.split(\",\");\n\n\t\t\tQualtrics.SurveyEngine.setEmbeddedData('currentVal', myArr[\"${lm:\/\/Field\/1}\"]);\n\t\n});\n\nQualtrics.SurveyEngine.addOnReady(function()\n{\n\t\/*Place your JavaScript here to run when the page is fully displayed*\/\n\n});\n\nQualtrics.SurveyEngine.addOnUnload(function()\n{\n\t\/*Place your JavaScript here to run when the page is unloaded*\/\n\n});","DefaultChoices":false,"DataExportTag":"Q15","QuestionID":"QID15","QuestionType":"DB","Selector":"TB","DataVisibility":{"Private":false,"Hidden":false},"Configuration":{"QuestionDescriptionOption":"UseText"},"QuestionDescription":"+","ChoiceOrder":[],"Validation":{"Settings":{"Type":"None"}},"GradingData":[],"Language":[],"NextChoiceId":4,"NextAnswerId":1}},{"SurveyID":"SV_5yxDNtGmZQgw2tU","Element":"SQ","PrimaryAttribute":"QID18","SecondaryAttribute":"+","TertiaryAttribute":null,"Payload":{"QuestionText":"<div style=\"text-align: center;\">+<\/div>","DefaultChoices":false,"DataExportTag":"Q18","QuestionID":"QID18","QuestionType":"DB","Selector":"TB","Configuration":{"QuestionDescriptionOption":"UseText"},"QuestionDescription":"+","ChoiceOrder":[],"Validation":{"Settings":{"Type":"None"}},"GradingData":[],"Language":[],"NextChoiceId":4,"NextAnswerId":1,"QuestionJS":"Qualtrics.SurveyEngine.addOnload(function()\n{\n\t\/*Place your JavaScript here to run when the page loads*\/\n\t\n\tvar x2 = String(Qualtrics.SurveyEngine.getEmbeddedData('indicies'))\nvar myArr2 = x2.split(\",\");\n\n\t\t\tQualtrics.SurveyEngine.setEmbeddedData('currentVal', myArr2[\"${lm:\/\/Field\/1}\"]);\n\t\n});\n\nQualtrics.SurveyEngine.addOnReady(function()\n{\n\t\/*Place your JavaScript here to run when the page is fully displayed*\/\n\n});\n\nQualtrics.SurveyEngine.addOnUnload(function()\n{\n\t\/*Place your JavaScript here to run when the page is unloaded*\/\n\n});","DataVisibility":{"Private":false,"Hidden":false}}},{"SurveyID":"SV_5yxDNtGmZQgw2tU","Element":"QC","PrimaryAttribute":"Survey Question Count","SecondaryAttribute":"25","TertiaryAttribute":null,"Payload":null},{"SurveyID":"SV_5yxDNtGmZQgw2tU","Element":"SQ","PrimaryAttribute":"QID21","SecondaryAttribute":"Did you see this image before, yes or no?","TertiaryAttribute":null,"Payload":{"QuestionText":"<p>Did you see this image before, yes or no? <\/p>","DefaultChoices":false,"DataExportTag":"Q21","QuestionType":"MC","Selector":"SAVR","SubSelector":"TX","Configuration":{"QuestionDescriptionOption":"UseText","Autoscale":{"YScale":{"Name":"yesNo","Type":"likert","Reverse":true}}},"QuestionDescription":"Did you see this image before, yes or no?","Choices":{"1":{"Display":"Yes"},"2":{"Display":"No"}},"ChoiceOrder":[1,2],"Validation":{"Settings":{"ForceResponse":"OFF","Type":"None"}},"GradingData":[],"Language":[],"NextChoiceId":3,"NextAnswerId":1,"QuestionID":"QID21"}},{"SurveyID":"SV_5yxDNtGmZQgw2tU","Element":"SQ","PrimaryAttribute":"QID3","SecondaryAttribute":"How confident were you about the solution of the image?","TertiaryAttribute":null,"Payload":{"QuestionText":"How confident were you about the solution of the image?","DefaultChoices":false,"DataExportTag":"Q3","QuestionType":"Matrix","Selector":"Bipolar","DataVisibility":{"Private":false,"Hidden":false},"Configuration":{"QuestionDescriptionOption":"UseText","TextPosition":"inline","ChoiceColumnWidth":25,"RepeatHeaders":"none","WhiteSpace":"OFF","MobileFirst":true},"QuestionDescription":"How confident were you about the solution of the image?","Choices":{"1":{"Display":"no clue at all:very certain about my answer"}},"ChoiceOrder":[1],"Validation":{"Settings":{"ForceResponse":"OFF","Type":"None"}},"GradingData":[],"Language":[],"NextChoiceId":2,"NextAnswerId":8,"Answers":{"1":{"Display":"1"},"2":{"Display":"2"},"3":{"Display":"3"},"4":{"Display":"4"},"5":{"Display":"5"},"6":{"Display":"6"},"7":{"Display":"7"}},"AnswerOrder":[1,2,3,4,5,6,7],"AnswerColumns":7,"ChoiceDataExportTags":false,"QuestionID":"QID3","QuestionJS":false}},{"SurveyID":"SV_5yxDNtGmZQgw2tU","Element":"SQ","PrimaryAttribute":"QID2","SecondaryAttribute":"How curious did you feel when seeing the image?","TertiaryAttribute":null,"Payload":{"QuestionText":"How curious did you feel when seeing the image?","DefaultChoices":false,"DataExportTag":"Q2","QuestionID":"QID2","QuestionType":"Matrix","Selector":"Bipolar","Configuration":{"QuestionDescriptionOption":"UseText","TextPosition":"inline","ChoiceColumnWidth":25,"RepeatHeaders":"none","WhiteSpace":"OFF","MobileFirst":true},"QuestionDescription":"How curious did you feel when seeing the image?","Choices":{"1":{"Display":"indifferent:very curious"}},"ChoiceOrder":[1],"Validation":{"Settings":{"ForceResponse":"OFF","Type":"None"}},"GradingData":[],"Language":[],"NextChoiceId":2,"NextAnswerId":8,"Answers":{"1":{"Display":"1"},"2":{"Display":"2"},"3":{"Display":"3"},"4":{"Display":"4"},"5":{"Display":"5"},"6":{"Display":"6"},"7":{"Display":"7"}},"AnswerOrder":[1,2,3,4,5,6,7],"ChoiceDataExportTags":false,"AnswerColumns":7,"QuestionJS":false,"DataVisibility":{"Private":false,"Hidden":false}}},{"SurveyID":"SV_5yxDNtGmZQgw2tU","Element":"SQ","PrimaryAttribute":"QID7","SecondaryAttribute":"Indicate the strength of your Aha experience","TertiaryAttribute":null,"Payload":{"QuestionText":"Indicate the strength of your Aha experience","DefaultChoices":false,"DataExportTag":"Q7","QuestionType":"Matrix","Selector":"Bipolar","Configuration":{"QuestionDescriptionOption":"UseText","TextPosition":"inline","ChoiceColumnWidth":25,"RepeatHeaders":"none","WhiteSpace":"OFF","MobileFirst":true,"InputWidth":578,"InputHeight":29},"QuestionDescription":"Indicate the strength of your Aha experience","Choices":{"1":{"Display":"absent:very intense"}},"ChoiceOrder":[1],"Validation":{"Settings":{"ForceResponse":"OFF","Type":"None"}},"GradingData":[],"Language":[],"NextChoiceId":2,"NextAnswerId":8,"Answers":{"1":{"Display":"1"},"2":{"Display":"2"},"3":{"Display":"3"},"4":{"Display":"4"},"5":{"Display":"5"},"6":{"Display":"6"},"7":{"Display":"7"}},"AnswerOrder":[1,2,3,4,5,6,7],"ChoiceDataExportTags":false,"QuestionID":"QID7","AnswerColumns":7,"QuestionJS":false,"DataVisibility":{"Private":false,"Hidden":false}}},{"SurveyID":"SV_5yxDNtGmZQgw2tU","Element":"SQ","PrimaryAttribute":"QID14","SecondaryAttribute":"Instructions Next, the solution image will be revealed to you and you'll be asked to indicate how...","TertiaryAttribute":null,"Payload":{"QuestionText":"<div style=\"word-wrap: break-word; width: 900px\"><h3>Instructions<\/h3> <p>Next, the solution image will be revealed to you and you'll be asked to indicate how strong your <strong>aha-experience<\/strong> was after seeing the solution. This describes the positive feeling of the 'click' you sometimes experience, when the pieces of the 'puzzle' fall together and you suddenly have 'insight' in the image.<\/p><img src=\"https:\/\/raw.githubusercontent.com\/hoenir\/mooneyExp\/master\/online_study\/aha.jpg\" height=\"188\" width=\"250\"><p>Note that there are no right or wrong answers. We are interested in what <strong>you<\/strong> see in the image and how <strong>you<\/strong> feel about it.<\/p><p><br><\/p><\/div>","DefaultChoices":false,"DataExportTag":"Q14","QuestionType":"DB","Selector":"TB","DataVisibility":{"Private":false,"Hidden":false},"Configuration":{"QuestionDescriptionOption":"UseText"},"QuestionDescription":"Instructions Next, the solution image will be revealed to you and you'll be asked to indicate how...","ChoiceOrder":[],"Validation":{"Settings":{"Type":"None"}},"GradingData":[],"Language":[],"NextChoiceId":4,"NextAnswerId":1,"QuestionID":"QID14","QuestionJS":"Qualtrics.SurveyEngine.addOnload(function()\n{\n\t\/*Place your JavaScript here to run when the page loads*\/\n\tjQuery(\"#Buttons\").hide();\n\n\t\tconst nums = [\"001\", \"007\", \"008\", \"010\", \"013\", \"019\", \"020\", \"031\", \"032\", \"036\", \"040\", \"044\", \"046\", \"049\", \"052\", \"053\", \"055\", \"056\", \"060\", \"063\", \"064\", \"076\", \"078\", \"079\", \"080\", \"081\", \"082\", \"084\", \"085\", \"091\", \"094\", \"096\", \"098\", \"105\", \"108\", \"111\", \"112\", \"118\", \"121\", \"123\", \"124\", \"126\", \"135\", \"140\", \"163\", \"184\", \"189\", \"194\", \"222\", \"270\", \"273\", \"279\", \"296\", \"300\", \"301\", \"306\", \"307\", \"315\", \"318\", \"319\", \"329\", \"353\", \"357\", \"358\", \"378\", \"380\", \"405\", \"406\", \"412\", \"416\", \"418\", \"435\", \"436\", \"438\", \"440\", \"442\", \"456\", \"468\", \"477\", \"481\", \"496\", \"497\", \"507\", \"515\", \"517\", \"522\", \"524\", \"534\", \"549\", \"552\", \"559\", \"567\", \"580\", \"584\", \"590\", \"598\", \"599\", \"603\", \"1002\", \"1004\", \"1006\", \"1012\", \"1024\", \"1027\", \"1033\", \"1037\", \"1040\", \"1043\", \"1044\", \"1046\", \"1048\", \"1049\", \"1053\", \"1055\", \"1061\", \"1063\", \"1066\", \"1069\", \"1070\", \"1072\", \"1078\", \"1080\", \"1084\", \"1086\", \"1087\", \"1089\", \"1091\", \"1096\", \"1097\", \"1101\", \"1102\", \"1107\", \"1116\", \"1118\", \"1122\", \"1123\", \"1125\", \"1126\", \"1127\", \"1128\", \"1130\", \"1142\", \"1143\", \"1146\", \"1148\", \"1151\", \"1154\", \"1156\", \"1159\", \"1161\", \"1171\", \"1173\", \"1175\", \"1181\", \"1186\", \"1188\", \"1189\", \"1190\", \"1191\", \"1196\", \"1199\", \"1200\", \"1202\", \"1205\", \"1211\", \"1217\", \"1224\", \"1226\", \"1227\", \"1228\", \"1232\", \"1234\", \"1235\", \"1236\", \"1237\", \"1239\", \"1241\", \"1242\", \"1243\", \"1247\", \"1250\", \"1251\", \"1254\", \"1255\", \"1260\", \"1261\", \"1262\", \"1268\", \"1269\", \"1270\", \"1272\", \"1275\", \"1276\", \"1278\", \"1279\", \"1283\", \"1290\", \"1307\", \"1309\", \"1353\", \"1362\", \"1363\", \"1366\"];\n\tconst types = [\"owl\", \"frog\", \"gun\", \"bat\", \"dromedary\", \"pliers\", \"jesus\", \"bear\", \"zip\", \"lightning\", \"chimpanzee\", \"coffin\", \"dog\", \"emu\", \"ring\", \"kayak\", \"saddle\", \"puma\", \"hamburger\", \"accordeon\", \"tortoise\", \"roller blades\", \"grapes\", \"bear\", \"mushroom\", \"frog\", \"parrot\", \"duck\", \"praying mantis\", \"lizard\", \"wolf\", \"piano\", \"colibri\", \"paperclips\", \"gorilla\", \"showerhead\", \"whistle\", \"chair\", \"kangaroo\", \"satchel\", \"gorilla\", \"cow\", \"toilet\", \"forks\", \"frog\", \"sandwich\", \"hammock\", \"harp\", \"bath tub\", \"moose\", \"teeth\", \"koala\", \"hospital bed\", \"woman\", \"bells\", \"frog\", \"turtle\", \"cat\", \"carseat\", \"donkey\", \"squid\", \"penguin\", \"hedgehog\", \"camel\", \"cougar\", \"billiards\", \"koala\", \"bat\", \"binoculars\", \"ostrich\", \"tomato\", \"billiards\", \"lizard\", \"snake\", \"camel\", \"cactus\", \"polar bear\", \"cello\", \"fish\", \"dog\", \"dog\", \"stove\", \"woman\", \"bird\", \"raccoon\", \"cat\", \"ostrich\", \"cactus\", \"praying mantis\", \"skunk\", \"sowing machine\", \"toaster\", \"raccoon\", \"pliers\", \"canon\", \"snail\", \"owl\", \"cat\", \"bear\", \"elephant\", \"sheep\", \"horse\", \"tennis\", \"cow\", \"honkball\", \"dog\", \"langlauf\", \"hot dog\", \"giraf\", \"pizza\", \"snowboard\", \"dog\", \"cow\", \"surfing\", \"frisbee\", \"horse\", \"bus\", \"sheep\", \"cake\", \"dog\", \"skateboard\", \"sheep\", \"cake\", \"dog\", \"sheep\", \"elephant\", \"horse\", \"horse\", \"surfing\", \"football\", \"skateboard\", \"cat\", \"airplane\", \"elephant\", \"boat\", \"rugby\", \"volleyball\", \"climbing\", \"fencing\", \"judo\", \"bicycling\", \"atletics\", \"spinning\", \"archery\", \"water polo\", \"climbing\", \"kayak\", \"swimming\", \"skateboard\", \"climbing\", \"basketball\", \"lacrosse\", \"archery\", \"boxing\", \"skating\", \"bicycling\", \"swimming\", \"climbing\", \"golfing\", \"judo\", \"atletics\", \"rowing\", \"judo\", \"stick fighting\", \"golfing\", \"rugby\", \"basketball\", \"chicken\", \"chicken\", \"chicken\", \"pigeon\", \"duck\", \"duck\", \"duck\", \"duck\", \"dog\", \"fox\", \"fox\", \"fox\", \"lion\", \"bear\", \"bear\", \"rabbit\", \"rabbit\", \"mouse\", \"hamster\", \"hamster\", \"squirrel\", \"squirrel\", \"squirrel\", \"wild boar\", \"wild boar\", \"wild boar\", \"deer\", \"deer\", \"marter\", \"cable car\", \"hot air balloon\", \"jeep\", \"pepper\", \"pots\", \"gravy\", \"wrap\"];\n\tvar sizeArr = 100;\n\tconst testTypes = [\"dog\", \"dog\", \"dog\", \"dog\", \"dog\", \"dog\", \"dog\", \"dog\", \"dog\", \"dog\", \"dog\", \"dog\", \"dog\", \"dog\", \"dog\", \"dog\", \"dog\", \"dog\", \"dog\", \"dog\", \"dog\", \"dog\", \"dog\", \"dog\", \"dog\", \"dog\", \"dog\", \"dog\", \"dog\", \"dog\", \"dog\", \"dog\", \"dog\", \"dog\", \"dog\", \"dog\", \"dog\", \"dog\", \"dog\", \"dog\", \"dog\", \"dog\", \"dog\", \"dog\", \"dog\", \"dog\", \"dog\", \"dog\", \"dog\", \"dog\", \"dog\", \"dog\", \"dog\", \"dog\", \"dog\", \"dog\", \"dog\", \"dog\", \"dog\", \"dog\", \"dog\", \"dog\", \"dog\", \"dog\", \"dog\", \"dog\", \"dog\", \"dog\", \"dog\", \"dog\", \"dog\", \"dog\", \"dog\", \"dog\", \"dog\", \"dog\", \"dog\", \"dog\", \"dog\", \"dog\", \"dog\", \"dog\", \"dog\", \"dog\", \"dog\", \"dog\", \"dog\", \"dog\", \"dog\", \"dog\", \"dog\", \"dog\", \"dog\", \"dog\", \"dog\", \"dog\", \"dog\", \"dog\", \"dog\", \"dog\", \"dog\", \"dog\", \"dog\", \"dog\", \"dog\", \"dog\", \"dog\", \"dog\", \"dog\", \"dog\", \"dog\", \"dog\", \"dog\", \"dog\", \"dog\", \"dog\", \"dog\", \"dog\", \"dog\", \"dog\", \"dog\", \"dog\", \"dog\", \"dog\", \"dog\", \"dog\", \"dog\", \"dog\", \"dog\", \"dog\", \"dog\", \"dog\", \"dog\", \"dog\", \"dog\", \"dog\", \"dog\", \"dog\", \"dog\", \"dog\", \"dog\", \"dog\", \"dog\", \"dog\", \"dog\", \"dog\", \"dog\", \"dog\", \"dog\", \"dog\", \"dog\", \"dog\", \"dog\", \"dog\", \"dog\", \"dog\", \"dog\", \"dog\", \"dog\", \"dog\", \"dog\", \"dog\", \"dog\", \"dog\", \"dog\", \"dog\", \"dog\", \"dog\", \"dog\", \"dog\", \"dog\", \"dog\", \"dog\", \"dog\", \"dog\", \"dog\", \"dog\", \"dog\", \"dog\", \"dog\", \"dog\", \"dog\", \"dog\", \"dog\", \"dog\", \"dog\", \"dog\", \"dog\", \"dog\", \"dog\", \"dog\", \"dog\", \"dog\", \"dog\", \"dog\", \"dog\", \"sheep\", \"horse\", \"frog\", \"climbing\", \"cat\", \"duck\", \"bear\"];\n\tconst indexArr = [\"0\",\"1\", \"2\", \"3\", \"4\", \"5\", \"6\", \"7\", \"8\", \"9\", \"10\", \"11\", \"12\", \"13\", \"14\", \"15\", \"16\", \"17\", \"18\", \"19\", \"20\", \"21\", \"22\", \"23\", \"24\", \"25\", \"26\", \"27\", \"28\", \"29\", \"30\", \"31\", \"32\", \"33\", \"34\", \"35\", \"36\", \"37\", \"38\", \"39\", \"40\", \"41\", \"42\", \"43\", \"44\", \"45\", \"46\", \"47\", \"48\", \"49\", \"50\", \"51\", \"52\", \"53\", \"54\", \"55\", \"56\", \"57\", \"58\", \"59\", \"60\", \"61\", \"62\", \"63\", \"64\", \"65\", \"66\", \"67\", \"68\", \"69\", \"70\", \"71\", \"72\", \"73\", \"74\", \"75\", \"76\", \"77\", \"78\", \"79\", \"80\", \"81\", \"82\", \"83\", \"84\", \"85\", \"86\", \"87\", \"88\", \"89\", \"90\", \"91\", \"92\", \"93\", \"94\", \"95\", \"96\", \"97\", \"98\", \"99\", \"100\", \"101\", \"102\", \"103\", \"104\", \"105\", \"106\", \"107\", \"108\", \"109\", \"110\", \"111\", \"112\", \"113\", \"114\", \"115\", \"116\", \"117\", \"118\", \"119\", \"120\", \"121\", \"122\", \"123\", \"124\", \"125\", \"126\", \"127\", \"128\", \"129\", \"130\", \"131\", \"132\", \"133\", \"134\", \"135\", \"136\", \"137\", \"138\", \"139\", \"140\", \"141\", \"142\", \"143\", \"144\", \"145\", \"146\", \"147\", \"148\", \"149\", \"150\", \"151\", \"152\", \"153\", \"154\", \"155\", \"156\", \"157\", \"158\", \"159\", \"160\", \"161\", \"162\", \"163\", \"164\", \"165\", \"166\", \"167\", \"168\", \"169\", \"170\", \"171\", \"172\", \"173\", \"174\", \"175\", \"176\", \"177\", \"178\", \"179\", \"180\", \"181\", \"182\", \"183\", \"184\", \"185\", \"186\", \"187\", \"188\", \"189\", \"190\", \"191\", \"192\", \"193\", \"194\", \"195\", \"196\", \"197\", \"198\", \"199\", \"200\", \"201\", \"202\"];\n\t\n\t\n\tfunction getRandomSubarray(arr, size) {\n    var shuffled = arr.slice(0), i = arr.length, temp, index;\n    while (i--) {\n        index = Math.floor((i + 1) * Math.random());\n        temp = shuffled[index];\n        shuffled[index] = shuffled[i];\n        shuffled[i] = temp;\n    }\n    return shuffled.slice(0, size);\n}\n\t\n\tfunction mode(array)\n{\n    if(array.length == 0)\n        return null;\n    var modeMap = {};\n    var maxEl = array[0], maxCount = 1;\n    for(var i = 0; i < array.length; i++)\n    {\n        var el = array[i];\n        if(modeMap[el] == null)\n            modeMap[el] = 1;\n        else\n            modeMap[el]++;  \n        if(modeMap[el] > maxCount)\n        {\n            maxEl = el;\n            maxCount = modeMap[el];\n        }\n    }\n    return maxCount;\n}\n\t\n\tfunction getSpecificIndexSubArr(arr1, indexArray)\n\t{\n\t\tvar indexMappedArr = [];\n\t\t    for(var i = 0; i < indexArray.length; i++)\n    {\n\t\t\tindexMappedArr[i] = arr1[indexArray[i]]\n\t}\n\t\treturn indexMappedArr;\n\t}\n\t\n\nvar eightyRandomMembers = getRandomSubarray(indexArr, sizeArr);\nvar eightyIndexedMem = getSpecificIndexSubArr(types, eightyRandomMembers);\n\tvar eightyIndexedNumMems = getSpecificIndexSubArr(nums, eightyRandomMembers);\n\t\n\twhile (mode(eightyIndexedMem) > 3 )\n\t{\n\teightyRandomMembers = getRandomSubarray(indexArr, sizeArr);\n\t\teightyIndexedMem = getSpecificIndexSubArr(types, eightyRandomMembers);\n\t\teightyIndexedNumMems = getSpecificIndexSubArr(nums, eightyRandomMembers);\n\t}\n\t\n\tQualtrics.SurveyEngine.setEmbeddedData('indicies', eightyIndexedNumMems);\n\t\n\tjQuery(\"#Buttons\").show();\n\n\n});\n\nQualtrics.SurveyEngine.addOnReady(function()\n{\n\t\/*Place your JavaScript here to run when the page is fully displayed*\/\n\n\n});\n\nQualtrics.SurveyEngine.addOnUnload(function()\n{\n\t\/*Place your JavaScript here to run when the page is unloaded*\/\n\n});"}},{"SurveyID":"SV_5yxDNtGmZQgw2tU","Element":"SQ","PrimaryAttribute":"QID13","SecondaryAttribute":"Instructions This experiment will have 3 parts. In the first part you will see a series of distor...","TertiaryAttribute":null,"Payload":{"QuestionText":"<div style=\"word-wrap: break-word; width: 900px\"><h3>Instructions<\/h3><p>This experiment will have 3 parts. In the first part you will see a series of distorted images like the one below on the left. As you can see in the righthand image, the distorted images are derived from actual photographs. In what follows, you will <strong>briefly<\/strong> be presented with <strong>only<\/strong> the distorted image.<\/p> <div style=\"float: left; margin-right: 20px;\"><img src=\"https:\/\/raw.githubusercontent.com\/hoenir\/mooneyExp\/master\/img\/018tt.jpg\" height=\"250\" width=\"250\"><\/img><\/div><div style=\"float: right; margin-left: 20px;\"><img src=\"https:\/\/raw.githubusercontent.com\/hoenir\/mooneyExp\/master\/img\/018gs.jpg\" height=\"250\" width=\"250\"><\/img><\/div><p>Subsequently you will be asked a few questions about the image: One question on how <strong>curious<\/strong> you are about the solution and one on how <strong>confident<\/strong> you are that you know the solution.<\/p>Next, we ask you to make a guess on what is in the image. Note that it is OK to name just the <strong>basic level category<\/strong>. For example when you see a parrot in the image, 'parrot' will obviously be a correct answer but also correct is 'bird'. However, 'animal' will <strong>not<\/strong> be counted as a correct response. For the example above, 'rose' would be correct or 'flower', but not 'plant'. When soccer players are depicted, 'soccer', 'football', 'soccer players' will be correct, but not 'humans', 'outdoors', or 'sports'. You do not need to describe the image in full, just name the main object in it <strong>in one or two words<\/strong>. All images depict objects from one of the following broad level categories: animals, inanimate objects, plants, sports, vehicles, and food. Recognizing means knowing <strong>more<\/strong> than these broad labels for a given image. But we always encourage you to <strong>make a guess<\/strong> if you can.&nbsp;<\/div>","DefaultChoices":false,"DataExportTag":"Q13","QuestionType":"DB","Selector":"TB","DataVisibility":{"Private":false,"Hidden":false},"Configuration":{"QuestionDescriptionOption":"UseText"},"QuestionDescription":"Instructions This experiment will have 3 parts. In the first part you will see a series of distor...","ChoiceOrder":[],"Validation":{"Settings":{"Type":"None"}},"GradingData":[],"Language":[],"NextChoiceId":4,"NextAnswerId":1,"QuestionID":"QID13"}},{"SurveyID":"SV_5yxDNtGmZQgw2tU","Element":"SQ","PrimaryAttribute":"QID4","SecondaryAttribute":"Make your guess concerning the content of the Mooney image","TertiaryAttribute":null,"Payload":{"QuestionText":"Make your guess concerning the content of the Mooney image","DefaultChoices":false,"DataExportTag":"Q4","QuestionType":"TE","Selector":"ESTB","Configuration":{"QuestionDescriptionOption":"UseText","InputWidth":563,"InputHeight":187},"QuestionDescription":"Make your guess concerning the content of the Mooney image","Validation":{"Settings":{"ForceResponse":"OFF","Type":"None"}},"GradingData":[],"Language":[],"NextChoiceId":4,"NextAnswerId":1,"SearchSource":{"AllowFreeResponse":"false"},"QuestionID":"QID4","QuestionJS":false,"DataVisibility":{"Private":false,"Hidden":false}}},{"SurveyID":"SV_5yxDNtGmZQgw2tU","Element":"SQ","PrimaryAttribute":"QID16","SecondaryAttribute":"Part 2 You completed the first phase of the experiment. In the next phase you will again see a se...","TertiaryAttribute":null,"Payload":{"QuestionText":"<div style=\"word-wrap: break-word; width: 900px\"><h3>Part 2<\/h3><p>You completed the first phase of the experiment.<\/p><p><br><\/p><p>In the next phase you will again see a series of distorted images, some of which you have already encountered in the previous phase.<\/p><p><br><\/p><p>You will be asked to indicate whether the image was an old or a new one (one not seen in the previous phase) and subsequently to recognize what is depicted if you can.<\/p><p><br><\/p><p>Press next to start the new phase<\/p><\/div>","DefaultChoices":false,"DataExportTag":"Q16","QuestionType":"DB","Selector":"TB","Configuration":{"QuestionDescriptionOption":"UseText"},"QuestionDescription":"Part 2 You completed the first phase of the experiment. In the next phase you will again see a se...","ChoiceOrder":[],"Validation":{"Settings":{"Type":"None"}},"GradingData":[],"Language":[],"NextChoiceId":4,"NextAnswerId":1,"QuestionID":"QID16"}},{"SurveyID":"SV_5yxDNtGmZQgw2tU","Element":"SQ","PrimaryAttribute":"QID23","SecondaryAttribute":"Part 3: Questionnaire This is the last part of the experiment. Below are a number of statements t...","TertiaryAttribute":null,"Payload":{"QuestionText":"<div style=\"word-wrap: break-word; width: 800px\"><h3>Part 3: Questionnaire<\/h3><div><br><\/div><p>This is the last part of the experiment. Below are a number of statements that people use to describe themselves. Please use the scale below to indicate the degree to which these statements accurately describe you. There are no right or wrong answers. Do not spend too much time on any one statement but give the answer that seems to describe how you <strong>generally<\/strong> feel. The list is quite long, but it is important to us that you respond truthfully to all statements.<\/p><\/div>","DefaultChoices":false,"DataExportTag":"Q23","QuestionType":"Matrix","Selector":"Likert","SubSelector":"SingleAnswer","Configuration":{"QuestionDescriptionOption":"UseText","TextPosition":"above","ChoiceColumnWidth":25,"RepeatHeaders":"middle","WhiteSpace":"OFF","MobileFirst":true,"ChoiceColumnWidthPixels":382},"QuestionDescription":"Part 3: Questionnaire This is the last part of the experiment. Below are a number of statements t...","Choices":{"1":{"Display":"I\u00a0view\u00a0challenging\u00a0situations\u00a0as\u00a0an\u00a0opportunity\u00a0to\u00a0grow\u00a0and\u00a0learn."},"2":{"Display":"I\u00a0seek\u00a0out\u00a0situations\u00a0where\u00a0it\u00a0is\u00a0likely\u00a0that\u00a0I\u00a0will\u00a0have\u00a0to\u00a0think\u00a0in\u00a0depth\u00a0about\u00a0something."},"3":{"Display":"I\u00a0enjoy\u00a0learning\u00a0about\u00a0subjects\u00a0that\u00a0are\u00a0unfamiliar\u00a0to\u00a0me."},"4":{"Display":"I\u00a0find\u00a0it\u00a0fascinating\u00a0to\u00a0learn\u00a0new\u00a0information."},"5":{"Display":"Thinking\u00a0about\u00a0solutions\u00a0to\u00a0difficult\u00a0conceptual\u00a0problems\u00a0can\u00a0keep\u00a0me\u00a0awake\u00a0at\u00a0night."},"6":{"Display":"I\u00a0can\u00a0spend\u00a0hours\u00a0on\u00a0a\u00a0single\u00a0problem\u00a0because\u00a0I\u00a0just\u00a0can't\u00a0rest\u00a0without\u00a0knowing\u00a0the\u00a0answer."},"7":{"Display":"I\u00a0feel\u00a0frustrated\u00a0if\u00a0I\u00a0can't\u00a0figure\u00a0out\u00a0the\u00a0solution\u00a0to\u00a0a\u00a0problem,\u00a0so\u00a0I\u00a0work\u00a0even\u00a0harder\u00a0to\u00a0solve\u00a0it."},"8":{"Display":"I\u00a0work\u00a0relentlessly\u00a0at\u00a0problems\u00a0that\u00a0I\u00a0feel\u00a0must\u00a0be\u00a0solved."},"9":{"Display":"The\u00a0smallest\u00a0doubt\u00a0can\u00a0stop\u00a0me\u00a0from\u00a0seeking\u00a0out\u00a0new\u00a0experiences."},"10":{"Display":"I\u00a0cannot\u00a0handle\u00a0the\u00a0stress\u00a0that\u00a0comes\u00a0from\u00a0entering\u00a0uncertain\u00a0situations."},"11":{"Display":"I\u00a0find\u00a0it\u00a0hard\u00a0to\u00a0explore\u00a0new\u00a0places\u00a0when\u00a0I\u00a0lack\u00a0confidence\u00a0in\u00a0my\u00a0abilities."},"12":{"Display":"It\u00a0is\u00a0difficult\u00a0to\u00a0concentrate\u00a0when\u00a0there\u00a0is\u00a0a\u00a0possibility\u00a0that\u00a0I\u00a0will\u00a0be\u00a0taken\u00a0by\u00a0surprise."},"13":{"Display":"I\u00a0ask\u00a0a\u00a0lot\u00a0of\u00a0questions\u00a0to\u00a0figure\u00a0out\u00a0what\u00a0interests\u00a0other\u00a0people."},"14":{"Display":"When\u00a0talking\u00a0to\u00a0someone\u00a0who\u00a0is\u00a0excited,\u00a0I\u00a0am\u00a0curious\u00a0to\u00a0find\u00a0out\u00a0why."},"15":{"Display":"When\u00a0talking\u00a0to\u00a0someone,\u00a0I\u00a0try\u00a0to\u00a0discover\u00a0interesting\u00a0details\u00a0about\u00a0them."},"16":{"Display":"I\u00a0like\u00a0finding\u00a0out\u00a0why\u00a0people\u00a0behave\u00a0the\u00a0way\u00a0they\u00a0do."},"17":{"Display":"When\u00a0other\u00a0people\u00a0are\u00a0having\u00a0a\u00a0conversation,\u00a0I\u00a0like\u00a0to\u00a0find\u00a0out\u00a0what\u00a0it's\u00a0about."},"18":{"Display":"When\u00a0around\u00a0other\u00a0people,\u00a0I\u00a0like\u00a0listening\u00a0to\u00a0their\u00a0conversations."},"19":{"Display":"When\u00a0people\u00a0quarrel,\u00a0I\u00a0like\u00a0to\u00a0know\u00a0what's\u00a0going\u00a0on."},"20":{"Display":"I\u00a0seek\u00a0out\u00a0information\u00a0about\u00a0the\u00a0private\u00a0lives\u00a0of\u00a0people\u00a0in\u00a0my\u00a0life."},"21":{"Display":"Risk-taking\u00a0is\u00a0exciting\u00a0to\u00a0me."},"22":{"Display":"When\u00a0I\u00a0have\u00a0free\u00a0time,\u00a0I\u00a0want\u00a0to\u00a0do\u00a0things\u00a0that\u00a0are\u00a0a\u00a0little\u00a0scary."},"23":{"Display":"Creating\u00a0an\u00a0adventure\u00a0as\u00a0I\u00a0go\u00a0is\u00a0much\u00a0more\u00a0appealing\u00a0than\u00a0a\u00a0planned\u00a0adventure."},"24":{"Display":"I\u00a0prefer\u00a0friends\u00a0who\u00a0are\u00a0excitingly\u00a0unpredictable."},"25":{"Display":"I\u00a0like\u00a0exploring\u00a0my\u00a0surroundings."},"26":{"Display":"When\u00a0I\u00a0smell\u00a0something\u00a0new,\u00a0I\u00a0try\u00a0and\u00a0find\u00a0out\u00a0what\u00a0the\u00a0odor\u00a0is\u00a0coming\u00a0from."},"27":{"Display":"I\u00a0like\u00a0to\u00a0discover\u00a0new\u00a0places\u00a0to\u00a0go."},"28":{"Display":"If\u00a0I\u00a0hear\u00a0something\u00a0rustling\u00a0in\u00a0the\u00a0grass\u00a0I\u00a0have\u00a0to\u00a0see\u00a0what\u00a0it\u00a0is."},"29":{"Display":"I\u00a0like\u00a0visiting\u00a0art\u00a0galleries\u00a0and\u00a0art\u00a0museums."},"30":{"Display":"When\u00a0I\u00a0see\u00a0a\u00a0new\u00a0fabric,\u00a0I\u00a0like\u00a0to\u00a0touch\u00a0and\u00a0feel\u00a0it."},"31":{"Display":"I\u00a0like\u00a0to\u00a0listen\u00a0to\u00a0new\u00a0and\u00a0unusual\u00a0kinds\u00a0of\u00a0music."},"32":{"Display":"When\u00a0I\u00a0hear\u00a0a\u00a0musical\u00a0instrument\u00a0and\u00a0I\u00a0am\u00a0not\u00a0sure\u00a0what\u00a0it\u00a0is,\u00a0I\u00a0like\u00a0to\u00a0see\u00a0it."},"33":{"Display":"I\u00a0enjoy\u00a0trying\u00a0different\u00a0kinds\u00a0of\u00a0ethnic\u00a0foods."},"34":{"Display":"When\u00a0I\u00a0hear\u00a0a\u00a0strange\u00a0sound,\u00a0I\u00a0usually\u00a0try\u00a0to\u00a0find\u00a0out\u00a0what\u00a0caused\u00a0it."},"35":{"Display":"I\u00a0don\u2019t\u00a0like\u00a0situations\u00a0that\u00a0are\u00a0uncertain."},"36":{"Display":"I\u00a0dislike\u00a0questions\u00a0which\u00a0could\u00a0be\u00a0answered\u00a0in\u00a0many\u00a0different\u00a0ways."},"37":{"Display":"I\u00a0find\u00a0that\u00a0a\u00a0well\u00a0ordered\u00a0life\u00a0with\u00a0regular\u00a0hours\u00a0suits\u00a0my\u00a0temperament."},"38":{"Display":"I\u00a0feel\u00a0uncomfortable\u00a0when\u00a0I\u00a0don\u2019t\u00a0understand\u00a0the\u00a0reason\u00a0why\u00a0an\u00a0event\u00a0occurred\u00a0in\u00a0my\u00a0life."},"39":{"Display":"I\u00a0feel\u00a0irritated\u00a0when\u00a0one\u00a0person\u00a0disagrees\u00a0with\u00a0what\u00a0everyone\u00a0else\u00a0in\u00a0a\u00a0group\u00a0believes."},"40":{"Display":"I\u00a0don\u2019t\u00a0like\u00a0to\u00a0go\u00a0into\u00a0a\u00a0situation\u00a0without\u00a0knowing\u00a0what\u00a0I\u00a0can\u00a0expect\u00a0from\u00a0it."},"41":{"Display":"When\u00a0I\u00a0have\u00a0made\u00a0a\u00a0decision,\u00a0I\u00a0feel\u00a0relieved."},"42":{"Display":"When\u00a0I\u00a0am\u00a0confronted\u00a0with\u00a0a\u00a0problem,\u00a0I\u2019m\u00a0dying\u00a0to\u00a0reach\u00a0a\u00a0solution\u00a0very\u00a0quickly."},"43":{"Display":"I\u00a0would\u00a0quickly\u00a0become\u00a0impatient\u00a0and\u00a0irritated\u00a0if\u00a0I\u00a0would\u00a0not\u00a0find\u00a0a\u00a0solution\u00a0to\u00a0a\u00a0problem\u00a0immediately."},"44":{"Display":"I\u00a0don\u2019t\u00a0like\u00a0to\u00a0be\u00a0with\u00a0people\u00a0who\u00a0are\u00a0capable\u00a0of\u00a0unexpected\u00a0actions."},"45":{"Display":"I\u00a0dislike\u00a0it\u00a0when\u00a0a\u00a0person\u2019s\u00a0statement\u00a0could\u00a0mean\u00a0many\u00a0different\u00a0things."},"46":{"Display":"I\u00a0find\u00a0that\u00a0establishing\u00a0a\u00a0consistent\u00a0routine\u00a0enables\u00a0me\u00a0to\u00a0enjoy\u00a0life\u00a0more."},"47":{"Display":"I\u00a0enjoy\u00a0having\u00a0a\u00a0clear\u00a0and\u00a0structured\u00a0mode\u00a0of\u00a0life."},"48":{"Display":"I\u00a0do\u00a0not\u00a0usually\u00a0consult\u00a0many\u00a0different\u00a0opinions\u00a0before\u00a0forming\u00a0my\u00a0own\u00a0view."},"49":{"Display":"I\u00a0dislike\u00a0unpredictable\u00a0situations."},"50":{"Display":"I\u00a0prefer\u00a0to\u00a0do\u00a0things\u00a0with\u00a0others\u00a0rather\u00a0than\u00a0on\u00a0my\u00a0own."},"51":{"Display":"I\u00a0find\u00a0social\u00a0situations\u00a0easy."},"52":{"Display":"I\u00a0would\u00a0rather\u00a0go\u00a0to\u00a0a\u00a0library\u00a0than\u00a0to\u00a0a\u00a0party."},"53":{"Display":"I\u00a0find\u00a0myself\u00a0drawn\u00a0more\u00a0strongly\u00a0to\u00a0people\u00a0than\u00a0to\u00a0things."},"54":{"Display":"I\u00a0find\u00a0it\u00a0hard\u00a0to\u00a0make\u00a0new\u00a0friends."},"55":{"Display":"I\u00a0enjoy\u00a0social\u00a0occasions."},"56":{"Display":"I\u00a0enjoy\u00a0meeting\u00a0new\u00a0people."},"57":{"Display":"New\u00a0situations\u00a0make\u00a0me\u00a0anxious."},"58":{"Display":"I\u00a0prefer\u00a0to\u00a0do\u00a0things\u00a0the\u00a0same\u00a0way\u00a0over\u00a0and\u00a0over\u00a0again."},"59":{"Display":"It\u00a0does\u00a0not\u00a0upset\u00a0me\u00a0if\u00a0my\u00a0daily\u00a0routine\u00a0is\u00a0disturbed."},"60":{"Display":"I\u00a0enjoy\u00a0doing\u00a0things\u00a0spontaneously."},"61":{"Display":"I\u00a0frequently\u00a0get\u00a0strongly\u00a0absorbed\u00a0in\u00a0one\u00a0thing."},"62":{"Display":"I\u00a0can\u00a0easily\u00a0keep\u00a0track\u00a0of\u00a0several\u00a0different\u00a0people\u2019s\u00a0conversations."},"63":{"Display":"I\u00a0find\u00a0it\u00a0easy\u00a0to\u00a0do\u00a0more\u00a0than\u00a0one\u00a0thing\u00a0at\u00a0once."},"64":{"Display":"If\u00a0there\u00a0is\u00a0an\u00a0interruption,\u00a0I\u00a0can\u00a0switch\u00a0back\u00a0very\u00a0quickly."},"65":{"Display":"Trying\u00a0to\u00a0imagine\u00a0something,\u00a0I\u00a0find\u00a0it\u00a0easy\u00a0to\u00a0create\u00a0a\u00a0picture\u00a0in\u00a0my\u00a0mind."},"66":{"Display":"Reading\u00a0a\u00a0story,\u00a0I\u00a0can\u00a0easily\u00a0imagine\u00a0what\u00a0the\u00a0characters\u00a0might\u00a0look\u00a0like."},"67":{"Display":"I\u00a0find\u00a0making\u00a0up\u00a0stories\u00a0easy."},"68":{"Display":"Reading\u00a0a\u00a0story,\u00a0I\u00a0find\u00a0it\u00a0difficult\u00a0to\u00a0work\u00a0out\u00a0the\u00a0character\u2019s\u00a0intentions."},"69":{"Display":"I\u00a0find\u00a0it\u00a0easy\u00a0to\u00a0work\u00a0out\u00a0what\u00a0someone\u00a0is\u00a0thinking\u00a0or\u00a0feeling."},"70":{"Display":"I\u00a0find\u00a0it\u00a0difficult\u00a0to\u00a0imagine\u00a0what\u00a0it\u00a0would\u00a0be\u00a0like\u00a0to\u00a0be\u00a0someone\u00a0else."},"71":{"Display":"I\u00a0find\u00a0it\u00a0difficult\u00a0to\u00a0work\u00a0out\u00a0people\u2019s\u00a0intentions."},"72":{"Display":"I\u00a0find\u00a0it\u00a0easy\u00a0to\u00a0play\u00a0games\u00a0with\u00a0children\u00a0that\u00a0involve\u00a0pretending."},"73":{"Display":"I\u00a0usually\u00a0notice\u00a0car\u00a0number\u00a0plates\u00a0or\u00a0similar\u00a0strings\u00a0of\u00a0information."},"74":{"Display":"I\u00a0am\u00a0fascinated\u00a0by\u00a0dates."},"75":{"Display":"I\u00a0am\u00a0fascinated\u00a0by\u00a0numbers."},"76":{"Display":"I\u00a0notice\u00a0patterns\u00a0in\u00a0things\u00a0all\u00a0the\u00a0time."},"77":{"Display":"I\u00a0like\u00a0to\u00a0collect\u00a0information\u00a0about\u00a0categories\u00a0of\u00a0things."}},"ChoiceOrder":[1,2,3,4,5,6,7,8,9,10,11,12,13,14,15,16,17,18,19,20,21,22,23,24,25,26,27,28,29,30,31,32,33,34,35,36,37,38,39,40,41,42,43,44,45,46,47,48,49,50,51,52,53,54,55,56,57,58,59,60,61,62,63,64,65,66,67,68,69,70,71,72,73,74,75,76,77],"Validation":{"Settings":{"ForceResponse":"OFF","Type":"None"}},"GradingData":[],"Language":[],"NextChoiceId":78,"NextAnswerId":7,"Answers":{"1":{"Display":"Strongly disagree"},"2":{"Display":"Disagree"},"3":{"Display":"Slightly disagree"},"4":{"Display":"Slightly agree"},"5":{"Display":"Agree"},"6":{"Display":"Strongly agree"}},"AnswerOrder":[1,2,3,4,5,6],"ChoiceDataExportTags":false,"QuestionID":"QID23"}},{"SurveyID":"SV_5yxDNtGmZQgw2tU","Element":"SQ","PrimaryAttribute":"QID12","SecondaryAttribute":"Please consider this information carefully before deciding whether to participate in this researc...","TertiaryAttribute":null,"Payload":{"QuestionText":"<div style=\"word-wrap: break-word; width: 900px\"><h3>Please consider this information carefully before deciding whether to participate in this research<\/h3><ul style=\"text-align: left; font-size: .8em;\"><li><b>Purpose of the research<\/b>: To examine how people process images.<\/li><li><b>What you will do in this research<\/b>:  Stimuli (images) will be presented on the computer and you will be asked different questions about them.<\/li><li><b>Time required<\/b>: Participation will take between 45 and 60 minutes to complete.<\/li><li><b>Risks<\/b>:  There are no anticipated risks associated with participating in this study. The effects of participating should be comparable to those you would experience from viewing a computer monitor for 30 minutes and using a mouse or keyboard.<\/li><li><b>Benefits<\/b>:  This study provides no benefits to you individually except for the credit. The study provides important information about the nature of perception and learning.<\/li><li><b>Confidentiality<\/b>:  Your participation in this study will remain confidential. No personally identifiable information will be associated with your data. Your de-identified data may be shared with other researchers and used in future projects.<\/li><li><b>Participation and withdrawal<\/b>:  Your participation in this study is completely voluntary and you may refuse to participate or you may choose to withdraw at any time without penalty.<\/li><li><b>How to contact the researchers<\/b>: If you have questions or concerns about your participation or payment, or want to request a summary of research findings, please contact Prof. Stacey Humphries (Goldsmiths, University of London), at s.humphries@gold.ac.uk.<\/li><\/ul><p>The nature and purpose of this research have been sufficiently explained and I agree to participate in this study.  I understand that I am free to withdraw at any time without incurring any penalty.<\/p><p>Please consent by clicking the button below to continue. Otherwise, please exit the study at this time.<\/p><\/div>","DefaultChoices":false,"DataExportTag":"Q12","QuestionType":"DB","Selector":"TB","DataVisibility":{"Private":false,"Hidden":false},"Configuration":{"QuestionDescriptionOption":"UseText"},"QuestionDescription":"Please consider this information carefully before deciding whether to participate in this researc...","ChoiceOrder":[],"Validation":{"Settings":{"Type":"None"}},"GradingData":[],"Language":[],"NextChoiceId":4,"NextAnswerId":1,"QuestionID":"QID12"}},{"SurveyID":"SV_5yxDNtGmZQgw2tU","Element":"SQ","PrimaryAttribute":"QID8","SecondaryAttribute":"Timing","TertiaryAttribute":null,"Payload":{"QuestionText":"Timing","DefaultChoices":false,"DataExportTag":"Q8","QuestionType":"Timing","Selector":"PageTimer","Configuration":{"QuestionDescriptionOption":"UseText","MinSeconds":4,"MaxSeconds":3},"QuestionDescription":"Timing","Choices":{"1":{"Display":"First Click"},"2":{"Display":"Last Click"},"3":{"Display":"Page Submit"},"4":{"Display":"Click Count"}},"GradingData":[],"Language":[],"NextChoiceId":72,"NextAnswerId":1,"QuestionID":"QID8","QuestionJS":false,"DataVisibility":{"Private":false,"Hidden":false}}},{"SurveyID":"SV_5yxDNtGmZQgw2tU","Element":"SQ","PrimaryAttribute":"QID9","SecondaryAttribute":"Timing","TertiaryAttribute":null,"Payload":{"QuestionText":"Timing","DefaultChoices":false,"DataExportTag":"Q9","QuestionType":"Timing","Selector":"PageTimer","Configuration":{"QuestionDescriptionOption":"UseText","MinSeconds":3,"MaxSeconds":2},"QuestionDescription":"Timing","Choices":{"1":{"Display":"First Click"},"2":{"Display":"Last Click"},"3":{"Display":"Page Submit"},"4":{"Display":"Click Count"}},"GradingData":[],"Language":[],"NextChoiceId":68,"NextAnswerId":1,"QuestionID":"QID9","QuestionJS":false,"DataVisibility":{"Private":false,"Hidden":false}}},{"SurveyID":"SV_5yxDNtGmZQgw2tU","Element":"SQ","PrimaryAttribute":"QID10","SecondaryAttribute":"Timing","TertiaryAttribute":null,"Payload":{"QuestionText":"Timing","DefaultChoices":false,"DataExportTag":"Q10","QuestionType":"Timing","Selector":"PageTimer","DataVisibility":{"Private":false,"Hidden":false},"Configuration":{"QuestionDescriptionOption":"UseText","MinSeconds":3,"MaxSeconds":2},"QuestionDescription":"Timing","Choices":{"1":{"Display":"First Click"},"2":{"Display":"Last Click"},"3":{"Display":"Page Submit"},"4":{"Display":"Click Count"}},"GradingData":[],"Language":[],"NextChoiceId":68,"NextAnswerId":1,"QuestionID":"QID10","QuestionJS":false}},{"SurveyID":"SV_5yxDNtGmZQgw2tU","Element":"SQ","PrimaryAttribute":"QID20","SecondaryAttribute":"Timing","TertiaryAttribute":null,"Payload":{"QuestionText":"Timing","DefaultChoices":false,"DataExportTag":"Q20","QuestionType":"Timing","Selector":"PageTimer","Configuration":{"QuestionDescriptionOption":"UseText","MinSeconds":3,"MaxSeconds":2},"QuestionDescription":"Timing","Choices":{"1":{"Display":"First Click"},"2":{"Display":"Last Click"},"3":{"Display":"Page Submit"},"4":{"Display":"Click Count"}},"GradingData":[],"Language":[],"NextChoiceId":56,"NextAnswerId":1,"QuestionID":"QID20"}},{"SurveyID":"SV_5yxDNtGmZQgw2tU","Element":"SQ","PrimaryAttribute":"QID24","SecondaryAttribute":"Timing","TertiaryAttribute":null,"Payload":{"QuestionText":"Timing","DefaultChoices":false,"DataExportTag":"Q24","QuestionID":"QID24","QuestionType":"Timing","Selector":"PageTimer","Configuration":{"QuestionDescriptionOption":"UseText","MinSeconds":2,"MaxSeconds":0.200000000000000011102230246251565404236316680908203125},"QuestionDescription":"Timing","Choices":{"1":{"Display":"First Click"},"2":{"Display":"Last Click"},"3":{"Display":"Page Submit"},"4":{"Display":"Click Count"}},"GradingData":[],"Language":[],"NextChoiceId":56,"NextAnswerId":1}},{"SurveyID":"SV_5yxDNtGmZQgw2tU","Element":"SQ","PrimaryAttribute":"QID25","SecondaryAttribute":"Timing","TertiaryAttribute":null,"Payload":{"QuestionText":"Timing","DefaultChoices":false,"DataExportTag":"Q25","QuestionID":"QID25","QuestionType":"Timing","Selector":"PageTimer","Configuration":{"QuestionDescriptionOption":"UseText","MinSeconds":2,"MaxSeconds":0.200000000000000011102230246251565404236316680908203125},"QuestionDescription":"Timing","Choices":{"1":{"Display":"First Click"},"2":{"Display":"Last Click"},"3":{"Display":"Page Submit"},"4":{"Display":"Click Count"}},"GradingData":[],"Language":[],"NextChoiceId":48,"NextAnswerId":1}},{"SurveyID":"SV_5yxDNtGmZQgw2tU","Element":"SQ","PrimaryAttribute":"QID22","SecondaryAttribute":"Try to recognize what was in the image. Use just one or two words (not more!) to describe it. If...","TertiaryAttribute":null,"Payload":{"QuestionText":"<strong>Try to recognize what was in the image.<\/strong> Use just <strong>one or two words<\/strong> (not more!) to describe it.<br>If you really don't know, just leave blank and click next.","DefaultChoices":false,"DataExportTag":"Q22","QuestionType":"TE","Selector":"SL","Configuration":{"QuestionDescriptionOption":"UseText"},"QuestionDescription":"Try to recognize what was in the image. Use just one or two words (not more!) to describe it. If...","Validation":{"Settings":{"ForceResponse":"OFF","Type":"None"}},"GradingData":[],"Language":[],"NextChoiceId":4,"NextAnswerId":1,"SearchSource":{"AllowFreeResponse":"false"},"QuestionID":"QID22"}},{"SurveyID":"SV_5yxDNtGmZQgw2tU","Element":"SQ","PrimaryAttribute":"QID11","SecondaryAttribute":"Welcome to the experiment. This is an online experiment so please don't close the tab\/window unti...","TertiaryAttribute":null,"Payload":{"QuestionText":"Welcome to the experiment. This is an online experiment so please don't close the tab\/window until we say goodbye.","DefaultChoices":false,"DataExportTag":"Q11","QuestionType":"DB","Selector":"TB","Configuration":{"QuestionDescriptionOption":"UseText"},"QuestionDescription":"Welcome to the experiment. This is an online experiment so please don't close the tab\/window unti...","ChoiceOrder":[],"Validation":{"Settings":{"Type":"None"}},"GradingData":[],"Language":[],"NextChoiceId":4,"NextAnswerId":1,"QuestionID":"QID11"}}]}