{"SurveyEntry":{"SurveyID":"SV_bPHUZkeMNUDX3dc","SurveyName":"Personality_scales","SurveyDescription":null,"SurveyOwnerID":"UR_3aglNhhXGEe1ufk","SurveyBrandID":"ubc","DivisionID":"DV_9A009OcMz4Ryzzv","SurveyLanguage":"EN","SurveyActiveResponseSet":"RS_cGawFYAwbMTZ6E6","SurveyStatus":"Inactive","SurveyStartDate":"0000-00-00 00:00:00","SurveyExpirationDate":"0000-00-00 00:00:00","SurveyCreationDate":"2021-08-12 22:17:15","CreatorID":"UR_3aglNhhXGEe1ufk","LastModified":"2021-08-12 23:16:31","LastAccessed":"0000-00-00 00:00:00","LastActivated":"0000-00-00 00:00:00","Deleted":null},"SurveyElements":[{"SurveyID":"SV_bPHUZkeMNUDX3dc","Element":"BL","PrimaryAttribute":"Survey Blocks","SecondaryAttribute":null,"TertiaryAttribute":null,"Payload":[{"Type":"Default","Description":"Five-Dimensional Curiosity Scale","ID":"BL_3jGh86fMsJaLohg","BlockElements":[{"Type":"Question","QuestionID":"QID1"}],"Options":{"BlockLocking":"false","RandomizeQuestions":"false","BlockVisibility":"Collapsed"}},{"Type":"Trash","Description":"Trash \/ Unused Questions","ID":"BL_eS5r8rA4kmW3X1A"},{"Type":"Standard","SubType":"","Description":"Kaufman Domains of Creativity Scale","ID":"BL_0eX03SE19TCWUIu","BlockElements":[{"Type":"Question","QuestionID":"QID2"}],"Options":{"BlockLocking":"false","RandomizeQuestions":"false","BlockVisibility":"Collapsed"}},{"Type":"Standard","SubType":"","Description":"Openness to experience","ID":"BL_5B8EooqwnkpcI86","BlockElements":[{"Type":"Question","QuestionID":"QID3"}]}]},{"SurveyID":"SV_bPHUZkeMNUDX3dc","Element":"FL","PrimaryAttribute":"Survey Flow","SecondaryAttribute":null,"TertiaryAttribute":null,"Payload":{"Flow":[{"ID":"BL_3jGh86fMsJaLohg","Type":"Block","FlowID":"FL_2"},{"ID":"BL_0eX03SE19TCWUIu","Type":"Standard","FlowID":"FL_3"},{"ID":"BL_5B8EooqwnkpcI86","Type":"Standard","FlowID":"FL_4"}],"Properties":{"Count":4},"FlowID":"FL_1","Type":"Root"}},{"SurveyID":"SV_bPHUZkeMNUDX3dc","Element":"SO","PrimaryAttribute":"Survey Options","SecondaryAttribute":null,"TertiaryAttribute":null,"Payload":{"BackButton":"false","SaveAndContinue":"true","SurveyProtection":"PublicSurvey","BallotBoxStuffingPrevention":"false","NoIndex":"Yes","SecureResponseFiles":"true","SurveyExpiration":"None","SurveyTermination":"DefaultMessage","Header":"","Footer":"","ProgressBarDisplay":"None","PartialData":"+1 week","ValidationMessage":"","PreviousButton":"","NextButton":"","SurveyTitle":"Qualtrics Survey | Qualtrics Experience Management","SkinLibrary":"ubc","SkinType":"MQ","Skin":"ubc1","NewScoring":1}},{"SurveyID":"SV_bPHUZkeMNUDX3dc","Element":"SCO","PrimaryAttribute":"Scoring","SecondaryAttribute":null,"TertiaryAttribute":null,"Payload":{"ScoringCategories":[],"ScoringCategoryGroups":[],"ScoringSummaryCategory":null,"ScoringSummaryAfterQuestions":0,"ScoringSummaryAfterSurvey":0,"DefaultScoringCategory":null,"AutoScoringCategory":null}},{"SurveyID":"SV_bPHUZkeMNUDX3dc","Element":"PROJ","PrimaryAttribute":"CORE","SecondaryAttribute":null,"TertiaryAttribute":"1.1.0","Payload":{"ProjectCategory":"CORE","SchemaVersion":"1.1.0"}},{"SurveyID":"SV_bPHUZkeMNUDX3dc","Element":"STAT","PrimaryAttribute":"Survey Statistics","SecondaryAttribute":null,"TertiaryAttribute":null,"Payload":{"MobileCompatible":false,"ID":"Survey Statistics"}},{"SurveyID":"SV_bPHUZkeMNUDX3dc","Element":"QC","PrimaryAttribute":"Survey Question Count","SecondaryAttribute":"3","TertiaryAttribute":null,"Payload":null},{"SurveyID":"SV_bPHUZkeMNUDX3dc","Element":"SQ","PrimaryAttribute":"QID1","SecondaryAttribute":"Below are statements people often use to describe themselves. Please use the scale below to indic...","TertiaryAttribute":null,"Payload":{"QuestionText":"Below are statements people often use to describe themselves. Please use\r\nthe scale below to indicate the degree to which these statements accurately\r\ndescribe you. There&nbsp; are no right or wrong answers.","DefaultChoices":false,"DataExportTag":"Q1","QuestionID":"QID1","QuestionType":"Matrix","Selector":"Likert","SubSelector":"SingleAnswer","Configuration":{"QuestionDescriptionOption":"UseText","TextPosition":"above","ChoiceColumnWidth":25,"RepeatHeaders":"both","WhiteSpace":"OFF","MobileFirst":true},"QuestionDescription":"Below are statements people often use to describe themselves. Please use the scale below to indic...","Choices":{"1":{"Display":"I view challenging situations as an opportunity to grow and learn."},"2":{"Display":"I seek out situations where it is likely that I will have to think in depth about something."},"3":{"Display":"I enjoy learning about subjects that are unfamiliar to me."},"4":{"Display":"I find it fascinating to learn new information."},"5":{"Display":"Thinking about solutions to difficult conceptual problems can keep me awake at night."},"6":{"Display":"I can spend hours on a single problem because I just can't rest without knowing the answer."},"7":{"Display":"I feel frustrated if I can't figure out the solution to a problem, so I work even harder to solve it."},"8":{"Display":"I work relentlessly at problems that I feel must be solved."},"9":{"Display":"The smallest doubt can stop me from seeking out new experiences."},"10":{"Display":"I cannot handle the stress that comes from entering uncertain situations."},"11":{"Display":"I find it hard to explore new places when I lack confidence in my abilities."},"12":{"Display":"It is difficult to concentrate when there is a possibility that I will be taken by surprise."},"13":{"Display":"Risk-taking is exciting to me."},"14":{"Display":"When I have free time, I want to do things that are a little scary."},"15":{"Display":"Creating an adventure as I go is much more appealing than a planned adventure."},"16":{"Display":"I prefer friends who are excitingly unpredictable."},"17":{"Display":"I ask a lot of questions to figure out what interests other people."},"18":{"Display":"When talking to someone who is excited, I am curious to find out why."},"19":{"Display":"When talking to someone, I try to discover interesting details about them."},"20":{"Display":"I like finding out why people behave the way they do."},"21":{"Display":"When other people are having a conversation, I like to find out what it's about."},"22":{"Display":"When around other people, I like listening to their conversations."},"23":{"Display":"When people quarrel, I like to know what's going on."},"24":{"Display":"I seek out information about the private lives of people in my life."}},"ChoiceOrder":[1,2,3,4,5,6,7,8,9,10,11,12,13,14,15,16,17,18,19,20,21,22,23,24],"Validation":{"Settings":{"ForceResponse":"OFF","Type":"None"}},"GradingData":[],"Language":[],"NextChoiceId":25,"NextAnswerId":8,"Answers":{"1":{"Display":"Does not describe me at all"},"2":{"Display":"Barely describes me"},"3":{"Display":"Somewhat describes me"},"4":{"Display":"Neutral"},"5":{"Display":"Generally describes me"},"6":{"Display":"Mostly describes me"},"7":{"Display":"Completely describes me"}},"AnswerOrder":[1,2,3,4,5,6,7],"ChoiceDataExportTags":false}},{"SurveyID":"SV_bPHUZkeMNUDX3dc","Element":"SQ","PrimaryAttribute":"QID2","SecondaryAttribute":"Compared to people of approximately your age and life experience, how creative would you rate you...","TertiaryAttribute":null,"Payload":{"QuestionText":"Compared to people of approximately your age and\r\nlife experience, how creative would you rate yourself for each of\r\nthe following acts? For acts that you have not specifically done,\r\nestimate your creative potential based on your performance on\r\nsimilar tasks.","DefaultChoices":false,"DataExportTag":"Q2","QuestionType":"Matrix","Selector":"Likert","SubSelector":"SingleAnswer","Configuration":{"QuestionDescriptionOption":"UseText","TextPosition":"above","ChoiceColumnWidth":25,"RepeatHeaders":"both","WhiteSpace":"OFF","MobileFirst":true},"QuestionDescription":"Compared to people of approximately your age and life experience, how creative would you rate you...","Choices":{"1":{"Display":"Finding something fun to do when I have no money"},"2":{"Display":"Helping other people cope with a difficult situation"},"3":{"Display":"Teaching someone how to do something"},"4":{"Display":"Maintaining a good balance between my work and my personal life"},"5":{"Display":"Understanding how to make myself happy"},"6":{"Display":"Being able to work through my personal problems in a healthy way"},"7":{"Display":"Thinking of new ways to help people"},"8":{"Display":"Choosing the best solution to a problem"},"9":{"Display":"Planning a trip or event with friends that meets everyone\u2019s needs"},"10":{"Display":"Mediating a dispute or argument between two friends"},"11":{"Display":"Getting people to feel relaxed and at ease"},"12":{"Display":"Writing a nonfiction article for a newspaper, newsletter, or magazine"},"13":{"Display":"Writing a letter to the editor"},"14":{"Display":"Researching a topic using many different types of sources that may not be readily apparent"},"15":{"Display":"Debating a controversial topic from my own perspective"},"16":{"Display":"Responding to an issue in a context-appropriate way"},"17":{"Display":"Gathering the best possible assortment of articles or papers to support a specific point of view"},"18":{"Display":"Arguing a side in a debate that I do not personally agree with"},"19":{"Display":"Analyzing the themes in a good book"},"20":{"Display":"Figuring out how to integrate critiques and suggestions while revising a work"},"21":{"Display":"Being able to offer constructive feedback based on my own reading of a paper"},"22":{"Display":"Coming up with a new way to think about an old debate"},"23":{"Display":"Writing a poem"},"24":{"Display":"Making up lyrics to a funny song"},"25":{"Display":"Making up rhymes"},"26":{"Display":"Composing an original song"},"27":{"Display":"Learning how to play a musical instrument"},"28":{"Display":"Shooting a fun video to air on YouTube"},"29":{"Display":"Singing in harmony"},"30":{"Display":"Spontaneously creating lyrics to a rap song"},"31":{"Display":"Playing music in public"},"32":{"Display":"Acting in a play"},"33":{"Display":"Carving something out of wood or similar material"},"34":{"Display":"Figuring out how to fix a frozen or buggy computer"},"35":{"Display":"Writing a computer program"},"36":{"Display":"Solving math puzzles"},"37":{"Display":"Taking apart machines and figuring out how they work"},"38":{"Display":"Building something mechanical (like a robot)"},"39":{"Display":"Helping to carry out or design a scientific experiment"},"40":{"Display":"Solving an algebraic or geometric proof"},"41":{"Display":"Constructing something out of metal, stone, or similar material"},"42":{"Display":"Drawing a picture of something I\u2019ve never actually seen (like an alien)"},"43":{"Display":"Sketching a person or object"},"44":{"Display":"Doodling\/drawing random or geometric designs"},"45":{"Display":"Making a scrapbook page out of my photographs"},"46":{"Display":"Taking a well-composed photograph using an interesting angle or approach"},"47":{"Display":"Making a sculpture or piece of pottery"},"48":{"Display":"Appreciating a beautiful painting"},"49":{"Display":"Coming up with my own interpretation of a classic work of art"},"50":{"Display":"Enjoying an art museum"}},"ChoiceOrder":[1,2,3,4,5,6,7,8,9,10,11,12,13,14,15,16,17,18,19,20,21,22,23,24,25,26,27,28,29,30,31,32,33,34,35,36,37,38,39,40,41,42,43,44,45,46,47,48,49,50],"Validation":{"Settings":{"ForceResponse":"OFF","Type":"None"}},"GradingData":[],"Language":[],"NextChoiceId":51,"NextAnswerId":6,"Answers":{"1":{"Display":"Much Less Creative"},"2":{"Display":"Less Creative"},"3":{"Display":"Neither More nor Less Creative"},"4":{"Display":"More Creative"},"5":{"Display":"Much More Creative"}},"AnswerOrder":[1,2,3,4,5],"ChoiceDataExportTags":false,"QuestionID":"QID2","Randomization":{"Advanced":null,"Type":"All","TotalRandSubset":""}}},{"SurveyID":"SV_bPHUZkeMNUDX3dc","Element":"RS","PrimaryAttribute":"RS_cGawFYAwbMTZ6E6","SecondaryAttribute":"Default Response Set","TertiaryAttribute":null,"Payload":null},{"SurveyID":"SV_bPHUZkeMNUDX3dc","Element":"SQ","PrimaryAttribute":"QID3","SecondaryAttribute":"Indicate how strongly you agree or disagree with each of the following statements.","TertiaryAttribute":null,"Payload":{"QuestionText":"Indicate how strongly you agree or disagree with each of the following\r\nstatements.","DefaultChoices":false,"DataExportTag":"Q3","QuestionType":"Matrix","Selector":"Likert","SubSelector":"SingleAnswer","Configuration":{"QuestionDescriptionOption":"UseText","TextPosition":"above","ChoiceColumnWidth":25,"RepeatHeaders":"both","WhiteSpace":"OFF","MobileFirst":true,"Autoscale":{"XScale":{"Name":"agreeDisagree","Type":"likert","Reverse":false}}},"QuestionDescription":"Indicate how strongly you agree or disagree with each of the following statements.","Choices":{"1":{"Display":"I experience a wide range of emotions or feelings"},"2":{"Display":"I'm pretty set in my ways"},"3":{"Display":"I often enjoy playing with theories or abstract ideas"},"4":{"Display":"I try to keep all my thoughts directed along realistic lines and avoid flights of fancy"},"5":{"Display":"I believe that variety is the spice of life"},"6":{"Display":"I find philosophical arguments boring"},"7":{"Display":"I enjoy concentrating on a fantasy or daydream and exploring all its possibilities, letting it grow and develop"},"8":{"Display":"Odd things --- like certain scents or the names of distant places --- can evoke strong moods in me"},"9":{"Display":"I think that if people don't know what they belive by the time they're 25, there's something wrong with them"},"10":{"Display":"I would have difficulty just letting my mind wander without control or guidance"},"11":{"Display":"I seldom pay much attention to my feelings of the moment"},"12":{"Display":"I often try new foreign foods"},"13":{"Display":"I have little interest in speculating on the nature of the universe or the human condition"},"14":{"Display":"I consider myself broad-minded and tolerant of other people's lifestyles"},"15":{"Display":"Watching ballet or modern dance bores me"},"16":{"Display":"I enjoy solving problems or puzzles"},"17":{"Display":"I believe that it's better to stick to your principles than to be open-minded"},"18":{"Display":"I think it's interesting to learn and develop new hobbies"},"19":{"Display":"Our ideas of right and wrong may not be right for everyone in the world"},"20":{"Display":"As a child I rarely enjoyed games of make believe"},"21":{"Display":"I am intrigued by the patterns I find in art and nature"},"22":{"Display":"I find it easy to empathize --- to feel what others are feeling"},"23":{"Display":"I have a lot of intellectual curiosity"},"24":{"Display":"I believe that letting students hear controversial speakers can only confuse and mislead them"},"25":{"Display":"How I feel about things is important to me"},"26":{"Display":"People should honor traditional values, not question them"},"27":{"Display":"I am quick to understand things"},"28":{"Display":"I believe in the importance of art"},"29":{"Display":"I have difficulty understanding abstract ideas"},"30":{"Display":"I love to reflect on things"},"31":{"Display":"I get deeply immersed in music"},"32":{"Display":"I do not like poetry"},"33":{"Display":"I avoid difficult reading material"},"34":{"Display":"I seldom notice the emotional aspects of paintings and pictures"},"35":{"Display":"I have a rich vocabulary"},"36":{"Display":"I need a creative outlet"},"37":{"Display":"I seldom daydream"},"38":{"Display":"I see beauty in things that others might not notice"}},"ChoiceOrder":[1,2,3,4,5,6,7,8,9,10,11,12,13,14,15,16,17,18,19,20,21,22,23,24,25,26,27,28,29,30,31,32,33,34,35,36,37,38],"Validation":{"Settings":{"ForceResponse":"OFF","Type":"None"}},"GradingData":[],"Language":[],"NextChoiceId":39,"NextAnswerId":6,"Answers":{"1":{"Display":"Strongly disagree"},"2":{"Display":"Somewhat disagree"},"3":{"Display":"Neither agree nor disagree"},"4":{"Display":"Somewhat agree"},"5":{"Display":"Strongly agree"}},"AnswerOrder":[1,2,3,4,5],"ChoiceDataExportTags":false,"QuestionID":"QID3"}}]}