{"SurveyEntry":{"SurveyID":"SV_bBqPHg4whVSqH78","SurveyName":"Remote_Associates_Test","SurveyDescription":null,"SurveyOwnerID":"UR_3aglNhhXGEe1ufk","SurveyBrandID":"ubc","DivisionID":"DV_9A009OcMz4Ryzzv","SurveyLanguage":"EN","SurveyActiveResponseSet":"RS_0lJdt6rGCeRSP7U","SurveyStatus":"Inactive","SurveyStartDate":"0000-00-00 00:00:00","SurveyExpirationDate":"0000-00-00 00:00:00","SurveyCreationDate":"2021-08-12 21:35:33","CreatorID":"UR_3aglNhhXGEe1ufk","LastModified":"2021-08-12 21:55:12","LastAccessed":"0000-00-00 00:00:00","LastActivated":"0000-00-00 00:00:00","Deleted":null},"SurveyElements":[{"SurveyID":"SV_bBqPHg4whVSqH78","Element":"BL","PrimaryAttribute":"Survey Blocks","SecondaryAttribute":null,"TertiaryAttribute":null,"Payload":[{"Type":"Default","Description":"Default Question Block","ID":"BL_cCIm5sv2g2ah80u","BlockElements":[{"Type":"Question","QuestionID":"QID1"},{"Type":"Page Break"},{"Type":"Question","QuestionID":"QID2"},{"Type":"Question","QuestionID":"QID3"},{"Type":"Page Break"},{"Type":"Question","QuestionID":"QID4"},{"Type":"Question","QuestionID":"QID5"},{"Type":"Page Break"},{"Type":"Question","QuestionID":"QID6"},{"Type":"Question","QuestionID":"QID7"},{"Type":"Page Break"},{"Type":"Question","QuestionID":"QID8"},{"Type":"Question","QuestionID":"QID9"},{"Type":"Page Break"},{"Type":"Question","QuestionID":"QID10"},{"Type":"Question","QuestionID":"QID11"},{"Type":"Page Break"},{"Type":"Question","QuestionID":"QID12"},{"Type":"Question","QuestionID":"QID13"},{"Type":"Page Break"},{"Type":"Question","QuestionID":"QID14"},{"Type":"Question","QuestionID":"QID15"},{"Type":"Page Break"},{"Type":"Question","QuestionID":"QID16"},{"Type":"Question","QuestionID":"QID17"},{"Type":"Page Break"},{"Type":"Question","QuestionID":"QID18"},{"Type":"Question","QuestionID":"QID19"},{"Type":"Page Break"},{"Type":"Question","QuestionID":"QID20"},{"Type":"Question","QuestionID":"QID21"},{"Type":"Page Break"},{"Type":"Question","QuestionID":"QID22"},{"Type":"Question","QuestionID":"QID23"},{"Type":"Page Break"},{"Type":"Question","QuestionID":"QID24"},{"Type":"Question","QuestionID":"QID25"},{"Type":"Page Break"},{"Type":"Question","QuestionID":"QID26"},{"Type":"Question","QuestionID":"QID27"},{"Type":"Page Break"},{"Type":"Question","QuestionID":"QID28"},{"Type":"Question","QuestionID":"QID29"},{"Type":"Page Break"},{"Type":"Question","QuestionID":"QID30"},{"Type":"Question","QuestionID":"QID31"},{"Type":"Page Break"},{"Type":"Question","QuestionID":"QID32"},{"Type":"Question","QuestionID":"QID33"},{"Type":"Page Break"},{"Type":"Question","QuestionID":"QID34"},{"Type":"Question","QuestionID":"QID35"},{"Type":"Page Break"},{"Type":"Question","QuestionID":"QID36"},{"Type":"Question","QuestionID":"QID37"},{"Type":"Page Break"},{"Type":"Question","QuestionID":"QID38"},{"Type":"Question","QuestionID":"QID39"},{"Type":"Page Break"},{"Type":"Question","QuestionID":"QID40"},{"Type":"Question","QuestionID":"QID41"}]},{"Type":"Trash","Description":"Trash \/ Unused Questions","ID":"BL_b3LEh7IouwSsaJ8"}]},{"SurveyID":"SV_bBqPHg4whVSqH78","Element":"FL","PrimaryAttribute":"Survey Flow","SecondaryAttribute":null,"TertiaryAttribute":null,"Payload":{"Flow":[{"ID":"BL_cCIm5sv2g2ah80u","Type":"Block","FlowID":"FL_2"}],"Properties":{"Count":2},"FlowID":"FL_1","Type":"Root"}},{"SurveyID":"SV_bBqPHg4whVSqH78","Element":"SO","PrimaryAttribute":"Survey Options","SecondaryAttribute":null,"TertiaryAttribute":null,"Payload":{"BackButton":"false","SaveAndContinue":"true","SurveyProtection":"PublicSurvey","BallotBoxStuffingPrevention":"false","NoIndex":"Yes","SecureResponseFiles":"true","SurveyExpiration":"None","SurveyTermination":"DefaultMessage","Header":"","Footer":"","ProgressBarDisplay":"None","PartialData":"+1 week","ValidationMessage":"","PreviousButton":"","NextButton":"","SurveyTitle":"Qualtrics Survey | Qualtrics Experience Management","SkinLibrary":"ubc","SkinType":"MQ","Skin":"ubc1","NewScoring":1}},{"SurveyID":"SV_bBqPHg4whVSqH78","Element":"SCO","PrimaryAttribute":"Scoring","SecondaryAttribute":null,"TertiaryAttribute":null,"Payload":{"ScoringCategories":[],"ScoringCategoryGroups":[],"ScoringSummaryCategory":null,"ScoringSummaryAfterQuestions":0,"ScoringSummaryAfterSurvey":0,"DefaultScoringCategory":null,"AutoScoringCategory":null}},{"SurveyID":"SV_bBqPHg4whVSqH78","Element":"PROJ","PrimaryAttribute":"CORE","SecondaryAttribute":null,"TertiaryAttribute":"1.1.0","Payload":{"ProjectCategory":"CORE","SchemaVersion":"1.1.0"}},{"SurveyID":"SV_bBqPHg4whVSqH78","Element":"STAT","PrimaryAttribute":"Survey Statistics","SecondaryAttribute":null,"TertiaryAttribute":null,"Payload":{"MobileCompatible":true,"ID":"Survey Statistics"}},{"SurveyID":"SV_bBqPHg4whVSqH78","Element":"QC","PrimaryAttribute":"Survey Question Count","SecondaryAttribute":"41","TertiaryAttribute":null,"Payload":null},{"SurveyID":"SV_bBqPHg4whVSqH78","Element":"SQ","PrimaryAttribute":"QID16","SecondaryAttribute":"boot \/ summer \/ ground","TertiaryAttribute":null,"Payload":{"QuestionText":"boot \/ summer \/ ground","DefaultChoices":false,"DataExportTag":"Q16","QuestionType":"TE","Selector":"SL","DataVisibility":{"Private":false,"Hidden":false},"Configuration":{"QuestionDescriptionOption":"UseText"},"QuestionDescription":"boot \/ summer \/ ground","Validation":{"Settings":{"ForceResponse":"OFF","ForceResponseType":"ON","Type":"None","MinChars":"1"}},"GradingData":[],"Language":[],"NextChoiceId":4,"NextAnswerId":1,"SearchSource":{"AllowFreeResponse":"false"},"QuestionID":"QID16"}},{"SurveyID":"SV_bBqPHg4whVSqH78","Element":"RS","PrimaryAttribute":"RS_0lJdt6rGCeRSP7U","SecondaryAttribute":"Default Response Set","TertiaryAttribute":null,"Payload":null},{"SurveyID":"SV_bBqPHg4whVSqH78","Element":"SQ","PrimaryAttribute":"QID4","SecondaryAttribute":"dew \/ comb \/ bee","TertiaryAttribute":null,"Payload":{"QuestionText":"dew \/ comb \/ bee","DefaultChoices":false,"DataExportTag":"Q4","QuestionType":"TE","Selector":"SL","DataVisibility":{"Private":false,"Hidden":false},"Configuration":{"QuestionDescriptionOption":"UseText"},"QuestionDescription":"dew \/ comb \/ bee","Validation":{"Settings":{"ForceResponse":"OFF","ForceResponseType":"ON","Type":"None","MinChars":"1"}},"GradingData":[],"Language":[],"NextChoiceId":4,"NextAnswerId":1,"SearchSource":{"AllowFreeResponse":"false"},"QuestionID":"QID4"}},{"SurveyID":"SV_bBqPHg4whVSqH78","Element":"SQ","PrimaryAttribute":"QID1","SecondaryAttribute":"Each question presents three cue words that are linked by a fourth word, which is the correct ans...","TertiaryAttribute":null,"Payload":{"QuestionText":"Each question presents three cue words that are linked by a fourth word, which is the correct answer. Enter the fourth word in the text box.<div><br><\/div><div>For example, \"cottage \/ swiss \/ cake\" are three cue words. For these cue words, the correct answer is \"cheese\", because it is linked to all the three cue words. So, \"cheese\" should be entered in the text box.<\/div>","DefaultChoices":false,"DataExportTag":"Q1","QuestionID":"QID1","QuestionType":"DB","Selector":"TB","Configuration":{"QuestionDescriptionOption":"UseText"},"QuestionDescription":"Each question presents three cue words that are linked by a fourth word, which is the correct ans...","ChoiceOrder":[],"Validation":{"Settings":{"Type":"None"}},"GradingData":[],"Language":[],"NextChoiceId":4,"NextAnswerId":1}},{"SurveyID":"SV_bBqPHg4whVSqH78","Element":"SQ","PrimaryAttribute":"QID36","SecondaryAttribute":"gap \/ door \/ sign","TertiaryAttribute":null,"Payload":{"QuestionText":"gap \/ door \/ sign","DefaultChoices":false,"DataExportTag":"Q36","QuestionType":"TE","Selector":"SL","DataVisibility":{"Private":false,"Hidden":false},"Configuration":{"QuestionDescriptionOption":"UseText"},"QuestionDescription":"gap \/ door \/ sign","Validation":{"Settings":{"ForceResponse":"OFF","ForceResponseType":"ON","Type":"None","MinChars":"1"}},"GradingData":[],"Language":[],"NextChoiceId":4,"NextAnswerId":1,"SearchSource":{"AllowFreeResponse":"false"},"QuestionID":"QID36"}},{"SurveyID":"SV_bBqPHg4whVSqH78","Element":"SQ","PrimaryAttribute":"QID32","SecondaryAttribute":"glass \/ rush \/ happy","TertiaryAttribute":null,"Payload":{"QuestionText":"glass \/ rush \/ happy","DefaultChoices":false,"DataExportTag":"Q32","QuestionType":"TE","Selector":"SL","DataVisibility":{"Private":false,"Hidden":false},"Configuration":{"QuestionDescriptionOption":"UseText"},"QuestionDescription":"glass \/ rush \/ happy","Validation":{"Settings":{"ForceResponse":"OFF","ForceResponseType":"ON","Type":"None","MinChars":"1"}},"GradingData":[],"Language":[],"NextChoiceId":4,"NextAnswerId":1,"SearchSource":{"AllowFreeResponse":"false"},"QuestionID":"QID32"}},{"SurveyID":"SV_bBqPHg4whVSqH78","Element":"SQ","PrimaryAttribute":"QID18","SecondaryAttribute":"health \/ taker \/ less","TertiaryAttribute":null,"Payload":{"QuestionText":"health \/ taker \/ less","DefaultChoices":false,"DataExportTag":"Q18","QuestionType":"TE","Selector":"SL","DataVisibility":{"Private":false,"Hidden":false},"Configuration":{"QuestionDescriptionOption":"UseText"},"QuestionDescription":"health \/ taker \/ less","Validation":{"Settings":{"ForceResponse":"OFF","ForceResponseType":"ON","Type":"None","MinChars":"1"}},"GradingData":[],"Language":[],"NextChoiceId":4,"NextAnswerId":1,"SearchSource":{"AllowFreeResponse":"false"},"QuestionID":"QID18"}},{"SurveyID":"SV_bBqPHg4whVSqH78","Element":"SQ","PrimaryAttribute":"QID14","SecondaryAttribute":"home \/ sea \/ bed","TertiaryAttribute":null,"Payload":{"QuestionText":"home \/ sea \/ bed","DefaultChoices":false,"DataExportTag":"Q14","QuestionType":"TE","Selector":"SL","DataVisibility":{"Private":false,"Hidden":false},"Configuration":{"QuestionDescriptionOption":"UseText"},"QuestionDescription":"home \/ sea \/ bed","Validation":{"Settings":{"ForceResponse":"OFF","ForceResponseType":"ON","Type":"None","MinChars":"1"}},"GradingData":[],"Language":[],"NextChoiceId":4,"NextAnswerId":1,"SearchSource":{"AllowFreeResponse":"false"},"QuestionID":"QID14"}},{"SurveyID":"SV_bBqPHg4whVSqH78","Element":"SQ","PrimaryAttribute":"QID12","SecondaryAttribute":"hound \/ pressure \/ shot","TertiaryAttribute":null,"Payload":{"QuestionText":"hound \/ pressure \/ shot","DefaultChoices":false,"DataExportTag":"Q12","QuestionType":"TE","Selector":"SL","DataVisibility":{"Private":false,"Hidden":false},"Configuration":{"QuestionDescriptionOption":"UseText"},"QuestionDescription":"hound \/ pressure \/ shot","Validation":{"Settings":{"ForceResponse":"OFF","ForceResponseType":"ON","Type":"None","MinChars":"1"}},"GradingData":[],"Language":[],"NextChoiceId":4,"NextAnswerId":1,"SearchSource":{"AllowFreeResponse":"false"},"QuestionID":"QID12"}},{"SurveyID":"SV_bBqPHg4whVSqH78","Element":"SQ","PrimaryAttribute":"QID2","SecondaryAttribute":"loser \/ throat \/ spot","TertiaryAttribute":null,"Payload":{"QuestionText":"loser \/ throat \/ spot","DefaultChoices":false,"DataExportTag":"Q2","QuestionType":"TE","Selector":"SL","Configuration":{"QuestionDescriptionOption":"UseText"},"QuestionDescription":"loser \/ throat \/ spot","Validation":{"Settings":{"ForceResponse":"OFF","ForceResponseType":"ON","Type":"None","MinChars":"1"}},"GradingData":[],"Language":[],"NextChoiceId":4,"NextAnswerId":1,"SearchSource":{"AllowFreeResponse":"false"},"QuestionID":"QID2","Choices":{"1":{"Display":"Click to write Choice 1"},"2":{"Display":"Click to write Choice 2"},"3":{"Display":"Click to write Choice 3"}},"ChoiceOrder":["1","2","3"]}},{"SurveyID":"SV_bBqPHg4whVSqH78","Element":"SQ","PrimaryAttribute":"QID22","SecondaryAttribute":"man \/ glue \/ star","TertiaryAttribute":null,"Payload":{"QuestionText":"man \/ glue \/ star","DefaultChoices":false,"DataExportTag":"Q22","QuestionType":"TE","Selector":"SL","DataVisibility":{"Private":false,"Hidden":false},"Configuration":{"QuestionDescriptionOption":"UseText"},"QuestionDescription":"man \/ glue \/ star","Validation":{"Settings":{"ForceResponse":"OFF","ForceResponseType":"ON","Type":"None","MinChars":"1"}},"GradingData":[],"Language":[],"NextChoiceId":4,"NextAnswerId":1,"SearchSource":{"AllowFreeResponse":"false"},"QuestionID":"QID22"}},{"SurveyID":"SV_bBqPHg4whVSqH78","Element":"SQ","PrimaryAttribute":"QID26","SecondaryAttribute":"manners \/ round \/ tennis","TertiaryAttribute":null,"Payload":{"QuestionText":"manners \/ round \/ tennis","DefaultChoices":false,"DataExportTag":"Q26","QuestionType":"TE","Selector":"SL","DataVisibility":{"Private":false,"Hidden":false},"Configuration":{"QuestionDescriptionOption":"UseText"},"QuestionDescription":"manners \/ round \/ tennis","Validation":{"Settings":{"ForceResponse":"OFF","ForceResponseType":"ON","Type":"None","MinChars":"1"}},"GradingData":[],"Language":[],"NextChoiceId":4,"NextAnswerId":1,"SearchSource":{"AllowFreeResponse":"false"},"QuestionID":"QID26"}},{"SurveyID":"SV_bBqPHg4whVSqH78","Element":"SQ","PrimaryAttribute":"QID10","SecondaryAttribute":"opera \/ hand \/ dish","TertiaryAttribute":null,"Payload":{"QuestionText":"opera \/ hand \/ dish","DefaultChoices":false,"DataExportTag":"Q10","QuestionType":"TE","Selector":"SL","DataVisibility":{"Private":false,"Hidden":false},"Configuration":{"QuestionDescriptionOption":"UseText"},"QuestionDescription":"opera \/ hand \/ dish","Validation":{"Settings":{"ForceResponse":"OFF","ForceResponseType":"ON","Type":"None","MinChars":"1"}},"GradingData":[],"Language":[],"NextChoiceId":4,"NextAnswerId":1,"SearchSource":{"AllowFreeResponse":"false"},"QuestionID":"QID10"}},{"SurveyID":"SV_bBqPHg4whVSqH78","Element":"SQ","PrimaryAttribute":"QID34","SecondaryAttribute":"pain \/ serial \/ whale","TertiaryAttribute":null,"Payload":{"QuestionText":"pain \/ serial \/ whale","DefaultChoices":false,"DataExportTag":"Q34","QuestionType":"TE","Selector":"SL","DataVisibility":{"Private":false,"Hidden":false},"Configuration":{"QuestionDescriptionOption":"UseText"},"QuestionDescription":"pain \/ serial \/ whale","Validation":{"Settings":{"ForceResponse":"OFF","ForceResponseType":"ON","Type":"None","MinChars":"1"}},"GradingData":[],"Language":[],"NextChoiceId":4,"NextAnswerId":1,"SearchSource":{"AllowFreeResponse":"false"},"QuestionID":"QID34"}},{"SurveyID":"SV_bBqPHg4whVSqH78","Element":"SQ","PrimaryAttribute":"QID28","SecondaryAttribute":"playing \/ credit \/ report","TertiaryAttribute":null,"Payload":{"QuestionText":"playing \/ credit \/ report","DefaultChoices":false,"DataExportTag":"Q28","QuestionType":"TE","Selector":"SL","DataVisibility":{"Private":false,"Hidden":false},"Configuration":{"QuestionDescriptionOption":"UseText"},"QuestionDescription":"playing \/ credit \/ report","Validation":{"Settings":{"ForceResponse":"OFF","ForceResponseType":"ON","Type":"None","MinChars":"1"}},"GradingData":[],"Language":[],"NextChoiceId":4,"NextAnswerId":1,"SearchSource":{"AllowFreeResponse":"false"},"QuestionID":"QID28"}},{"SurveyID":"SV_bBqPHg4whVSqH78","Element":"SQ","PrimaryAttribute":"QID6","SecondaryAttribute":"safety \/ cushion \/ point","TertiaryAttribute":null,"Payload":{"QuestionText":"safety \/ cushion \/ point","DefaultChoices":false,"DataExportTag":"Q6","QuestionType":"TE","Selector":"SL","DataVisibility":{"Private":false,"Hidden":false},"Configuration":{"QuestionDescriptionOption":"UseText"},"QuestionDescription":"safety \/ cushion \/ point","Validation":{"Settings":{"ForceResponse":"OFF","ForceResponseType":"ON","Type":"None","MinChars":"1"}},"GradingData":[],"Language":[],"NextChoiceId":4,"NextAnswerId":1,"SearchSource":{"AllowFreeResponse":"false"},"QuestionID":"QID6"}},{"SurveyID":"SV_bBqPHg4whVSqH78","Element":"SQ","PrimaryAttribute":"QID30","SecondaryAttribute":"salt \/ deep \/ foam","TertiaryAttribute":null,"Payload":{"QuestionText":"salt \/ deep \/ foam","DefaultChoices":false,"DataExportTag":"Q30","QuestionType":"TE","Selector":"SL","DataVisibility":{"Private":false,"Hidden":false},"Configuration":{"QuestionDescriptionOption":"UseText"},"QuestionDescription":"salt \/ deep \/ foam","Validation":{"Settings":{"ForceResponse":"OFF","ForceResponseType":"ON","Type":"None","MinChars":"1"}},"GradingData":[],"Language":[],"NextChoiceId":4,"NextAnswerId":1,"SearchSource":{"AllowFreeResponse":"false"},"QuestionID":"QID30"}},{"SurveyID":"SV_bBqPHg4whVSqH78","Element":"SQ","PrimaryAttribute":"QID8","SecondaryAttribute":"sense \/ courtesy \/ place","TertiaryAttribute":null,"Payload":{"QuestionText":"sense \/ courtesy \/ place","DefaultChoices":false,"DataExportTag":"Q8","QuestionType":"TE","Selector":"SL","DataVisibility":{"Private":false,"Hidden":false},"Configuration":{"QuestionDescriptionOption":"UseText"},"QuestionDescription":"sense \/ courtesy \/ place","Validation":{"Settings":{"ForceResponse":"OFF","ForceResponseType":"ON","Type":"None","MinChars":"1"}},"GradingData":[],"Language":[],"NextChoiceId":4,"NextAnswerId":1,"SearchSource":{"AllowFreeResponse":"false"},"QuestionID":"QID8"}},{"SurveyID":"SV_bBqPHg4whVSqH78","Element":"SQ","PrimaryAttribute":"QID40","SecondaryAttribute":"shock \/ shave \/ taste","TertiaryAttribute":null,"Payload":{"QuestionText":"shock \/ shave \/ taste","DefaultChoices":false,"DataExportTag":"Q40","QuestionType":"TE","Selector":"SL","DataVisibility":{"Private":false,"Hidden":false},"Configuration":{"QuestionDescriptionOption":"UseText"},"QuestionDescription":"shock \/ shave \/ taste","Validation":{"Settings":{"ForceResponse":"OFF","ForceResponseType":"ON","Type":"None","MinChars":"1"}},"GradingData":[],"Language":[],"NextChoiceId":4,"NextAnswerId":1,"SearchSource":{"AllowFreeResponse":"false"},"QuestionID":"QID40"}},{"SurveyID":"SV_bBqPHg4whVSqH78","Element":"SQ","PrimaryAttribute":"QID38","SecondaryAttribute":"soap \/ shoe \/ tissue","TertiaryAttribute":null,"Payload":{"QuestionText":"soap \/ shoe \/ tissue","DefaultChoices":false,"DataExportTag":"Q38","QuestionType":"TE","Selector":"SL","DataVisibility":{"Private":false,"Hidden":false},"Configuration":{"QuestionDescriptionOption":"UseText"},"QuestionDescription":"soap \/ shoe \/ tissue","Validation":{"Settings":{"ForceResponse":"OFF","ForceResponseType":"ON","Type":"None","MinChars":"1"}},"GradingData":[],"Language":[],"NextChoiceId":4,"NextAnswerId":1,"SearchSource":{"AllowFreeResponse":"false"},"QuestionID":"QID38"}},{"SurveyID":"SV_bBqPHg4whVSqH78","Element":"SQ","PrimaryAttribute":"QID20","SecondaryAttribute":"test \/ runner \/ map","TertiaryAttribute":null,"Payload":{"QuestionText":"test \/ runner \/ map","DefaultChoices":false,"DataExportTag":"Q20","QuestionType":"TE","Selector":"SL","DataVisibility":{"Private":false,"Hidden":false},"Configuration":{"QuestionDescriptionOption":"UseText"},"QuestionDescription":"test \/ runner \/ map","Validation":{"Settings":{"ForceResponse":"OFF","ForceResponseType":"ON","Type":"None","MinChars":"1"}},"GradingData":[],"Language":[],"NextChoiceId":4,"NextAnswerId":1,"SearchSource":{"AllowFreeResponse":"false"},"QuestionID":"QID20"}},{"SurveyID":"SV_bBqPHg4whVSqH78","Element":"SQ","PrimaryAttribute":"QID3","SecondaryAttribute":"Timing","TertiaryAttribute":null,"Payload":{"QuestionText":"Timing","DefaultChoices":false,"DataExportTag":"Q3","QuestionType":"Timing","Selector":"PageTimer","Configuration":{"QuestionDescriptionOption":"UseText","MinSeconds":"0","MaxSeconds":30,"ShowTimer":false},"QuestionDescription":"Timing","Choices":{"1":{"Display":"First Click"},"2":{"Display":"Last Click"},"3":{"Display":"Page Submit"},"4":{"Display":"Click Count"}},"GradingData":[],"Language":[],"NextChoiceId":60,"NextAnswerId":1,"QuestionID":"QID3"}},{"SurveyID":"SV_bBqPHg4whVSqH78","Element":"SQ","PrimaryAttribute":"QID5","SecondaryAttribute":"Timing","TertiaryAttribute":null,"Payload":{"QuestionText":"Timing","DefaultChoices":false,"DataExportTag":"Q5","QuestionType":"Timing","Selector":"PageTimer","DataVisibility":{"Private":false,"Hidden":false},"Configuration":{"QuestionDescriptionOption":"UseText","MinSeconds":"0","MaxSeconds":30},"QuestionDescription":"Timing","Choices":{"1":{"Display":"First Click"},"2":{"Display":"Last Click"},"3":{"Display":"Page Submit"},"4":{"Display":"Click Count"}},"GradingData":[],"Language":[],"NextChoiceId":60,"NextAnswerId":1,"QuestionID":"QID5"}},{"SurveyID":"SV_bBqPHg4whVSqH78","Element":"SQ","PrimaryAttribute":"QID7","SecondaryAttribute":"Timing","TertiaryAttribute":null,"Payload":{"QuestionText":"Timing","DefaultChoices":false,"DataExportTag":"Q7","QuestionType":"Timing","Selector":"PageTimer","DataVisibility":{"Private":false,"Hidden":false},"Configuration":{"QuestionDescriptionOption":"UseText","MinSeconds":"0","MaxSeconds":30},"QuestionDescription":"Timing","Choices":{"1":{"Display":"First Click"},"2":{"Display":"Last Click"},"3":{"Display":"Page Submit"},"4":{"Display":"Click Count"}},"GradingData":[],"Language":[],"NextChoiceId":60,"NextAnswerId":1,"QuestionID":"QID7"}},{"SurveyID":"SV_bBqPHg4whVSqH78","Element":"SQ","PrimaryAttribute":"QID9","SecondaryAttribute":"Timing","TertiaryAttribute":null,"Payload":{"QuestionText":"Timing","DefaultChoices":false,"DataExportTag":"Q9","QuestionType":"Timing","Selector":"PageTimer","DataVisibility":{"Private":false,"Hidden":false},"Configuration":{"QuestionDescriptionOption":"UseText","MinSeconds":"0","MaxSeconds":30},"QuestionDescription":"Timing","Choices":{"1":{"Display":"First Click"},"2":{"Display":"Last Click"},"3":{"Display":"Page Submit"},"4":{"Display":"Click Count"}},"GradingData":[],"Language":[],"NextChoiceId":60,"NextAnswerId":1,"QuestionID":"QID9"}},{"SurveyID":"SV_bBqPHg4whVSqH78","Element":"SQ","PrimaryAttribute":"QID11","SecondaryAttribute":"Timing","TertiaryAttribute":null,"Payload":{"QuestionText":"Timing","DefaultChoices":false,"DataExportTag":"Q11","QuestionType":"Timing","Selector":"PageTimer","DataVisibility":{"Private":false,"Hidden":false},"Configuration":{"QuestionDescriptionOption":"UseText","MinSeconds":"0","MaxSeconds":30},"QuestionDescription":"Timing","Choices":{"1":{"Display":"First Click"},"2":{"Display":"Last Click"},"3":{"Display":"Page Submit"},"4":{"Display":"Click Count"}},"GradingData":[],"Language":[],"NextChoiceId":60,"NextAnswerId":1,"QuestionID":"QID11"}},{"SurveyID":"SV_bBqPHg4whVSqH78","Element":"SQ","PrimaryAttribute":"QID13","SecondaryAttribute":"Timing","TertiaryAttribute":null,"Payload":{"QuestionText":"Timing","DefaultChoices":false,"DataExportTag":"Q13","QuestionType":"Timing","Selector":"PageTimer","DataVisibility":{"Private":false,"Hidden":false},"Configuration":{"QuestionDescriptionOption":"UseText","MinSeconds":"0","MaxSeconds":30},"QuestionDescription":"Timing","Choices":{"1":{"Display":"First Click"},"2":{"Display":"Last Click"},"3":{"Display":"Page Submit"},"4":{"Display":"Click Count"}},"GradingData":[],"Language":[],"NextChoiceId":60,"NextAnswerId":1,"QuestionID":"QID13"}},{"SurveyID":"SV_bBqPHg4whVSqH78","Element":"SQ","PrimaryAttribute":"QID15","SecondaryAttribute":"Timing","TertiaryAttribute":null,"Payload":{"QuestionText":"Timing","DefaultChoices":false,"DataExportTag":"Q15","QuestionType":"Timing","Selector":"PageTimer","DataVisibility":{"Private":false,"Hidden":false},"Configuration":{"QuestionDescriptionOption":"UseText","MinSeconds":"0","MaxSeconds":30},"QuestionDescription":"Timing","Choices":{"1":{"Display":"First Click"},"2":{"Display":"Last Click"},"3":{"Display":"Page Submit"},"4":{"Display":"Click Count"}},"GradingData":[],"Language":[],"NextChoiceId":60,"NextAnswerId":1,"QuestionID":"QID15"}},{"SurveyID":"SV_bBqPHg4whVSqH78","Element":"SQ","PrimaryAttribute":"QID17","SecondaryAttribute":"Timing","TertiaryAttribute":null,"Payload":{"QuestionText":"Timing","DefaultChoices":false,"DataExportTag":"","QuestionType":"Timing","Selector":"PageTimer","DataVisibility":{"Private":false,"Hidden":false},"Configuration":{"QuestionDescriptionOption":"UseText","MinSeconds":"0","MaxSeconds":30},"QuestionDescription":"Timing","Choices":{"1":{"Display":"First Click"},"2":{"Display":"Last Click"},"3":{"Display":"Page Submit"},"4":{"Display":"Click Count"}},"GradingData":[],"Language":[],"NextChoiceId":60,"NextAnswerId":1,"QuestionID":"QID17"}},{"SurveyID":"SV_bBqPHg4whVSqH78","Element":"SQ","PrimaryAttribute":"QID19","SecondaryAttribute":"Timing","TertiaryAttribute":null,"Payload":{"QuestionText":"Timing","DefaultChoices":false,"DataExportTag":"Q19","QuestionType":"Timing","Selector":"PageTimer","DataVisibility":{"Private":false,"Hidden":false},"Configuration":{"QuestionDescriptionOption":"UseText","MinSeconds":"0","MaxSeconds":30},"QuestionDescription":"Timing","Choices":{"1":{"Display":"First Click"},"2":{"Display":"Last Click"},"3":{"Display":"Page Submit"},"4":{"Display":"Click Count"}},"GradingData":[],"Language":[],"NextChoiceId":60,"NextAnswerId":1,"QuestionID":"QID19"}},{"SurveyID":"SV_bBqPHg4whVSqH78","Element":"SQ","PrimaryAttribute":"QID21","SecondaryAttribute":"Timing","TertiaryAttribute":null,"Payload":{"QuestionText":"Timing","DefaultChoices":false,"DataExportTag":"","QuestionType":"Timing","Selector":"PageTimer","DataVisibility":{"Private":false,"Hidden":false},"Configuration":{"QuestionDescriptionOption":"UseText","MinSeconds":"0","MaxSeconds":30},"QuestionDescription":"Timing","Choices":{"1":{"Display":"First Click"},"2":{"Display":"Last Click"},"3":{"Display":"Page Submit"},"4":{"Display":"Click Count"}},"GradingData":[],"Language":[],"NextChoiceId":60,"NextAnswerId":1,"QuestionID":"QID21"}},{"SurveyID":"SV_bBqPHg4whVSqH78","Element":"SQ","PrimaryAttribute":"QID23","SecondaryAttribute":"Timing","TertiaryAttribute":null,"Payload":{"QuestionText":"Timing","DefaultChoices":false,"DataExportTag":"Q23","QuestionType":"Timing","Selector":"PageTimer","DataVisibility":{"Private":false,"Hidden":false},"Configuration":{"QuestionDescriptionOption":"UseText","MinSeconds":"0","MaxSeconds":30},"QuestionDescription":"Timing","Choices":{"1":{"Display":"First Click"},"2":{"Display":"Last Click"},"3":{"Display":"Page Submit"},"4":{"Display":"Click Count"}},"GradingData":[],"Language":[],"NextChoiceId":60,"NextAnswerId":1,"QuestionID":"QID23"}},{"SurveyID":"SV_bBqPHg4whVSqH78","Element":"SQ","PrimaryAttribute":"QID25","SecondaryAttribute":"Timing","TertiaryAttribute":null,"Payload":{"QuestionText":"Timing","DefaultChoices":false,"DataExportTag":"Q25","QuestionType":"Timing","Selector":"PageTimer","DataVisibility":{"Private":false,"Hidden":false},"Configuration":{"QuestionDescriptionOption":"UseText","MinSeconds":"0","MaxSeconds":30},"QuestionDescription":"Timing","Choices":{"1":{"Display":"First Click"},"2":{"Display":"Last Click"},"3":{"Display":"Page Submit"},"4":{"Display":"Click Count"}},"GradingData":[],"Language":[],"NextChoiceId":60,"NextAnswerId":1,"QuestionID":"QID25"}},{"SurveyID":"SV_bBqPHg4whVSqH78","Element":"SQ","PrimaryAttribute":"QID27","SecondaryAttribute":"Timing","TertiaryAttribute":null,"Payload":{"QuestionText":"Timing","DefaultChoices":false,"DataExportTag":"Q27","QuestionType":"Timing","Selector":"PageTimer","DataVisibility":{"Private":false,"Hidden":false},"Configuration":{"QuestionDescriptionOption":"UseText","MinSeconds":"0","MaxSeconds":30},"QuestionDescription":"Timing","Choices":{"1":{"Display":"First Click"},"2":{"Display":"Last Click"},"3":{"Display":"Page Submit"},"4":{"Display":"Click Count"}},"GradingData":[],"Language":[],"NextChoiceId":60,"NextAnswerId":1,"QuestionID":"QID27"}},{"SurveyID":"SV_bBqPHg4whVSqH78","Element":"SQ","PrimaryAttribute":"QID29","SecondaryAttribute":"Timing","TertiaryAttribute":null,"Payload":{"QuestionText":"Timing","DefaultChoices":false,"DataExportTag":"Q29","QuestionType":"Timing","Selector":"PageTimer","DataVisibility":{"Private":false,"Hidden":false},"Configuration":{"QuestionDescriptionOption":"UseText","MinSeconds":"0","MaxSeconds":30},"QuestionDescription":"Timing","Choices":{"1":{"Display":"First Click"},"2":{"Display":"Last Click"},"3":{"Display":"Page Submit"},"4":{"Display":"Click Count"}},"GradingData":[],"Language":[],"NextChoiceId":60,"NextAnswerId":1,"QuestionID":"QID29"}},{"SurveyID":"SV_bBqPHg4whVSqH78","Element":"SQ","PrimaryAttribute":"QID31","SecondaryAttribute":"Timing","TertiaryAttribute":null,"Payload":{"QuestionText":"Timing","DefaultChoices":false,"DataExportTag":"Q31","QuestionType":"Timing","Selector":"PageTimer","DataVisibility":{"Private":false,"Hidden":false},"Configuration":{"QuestionDescriptionOption":"UseText","MinSeconds":"0","MaxSeconds":30},"QuestionDescription":"Timing","Choices":{"1":{"Display":"First Click"},"2":{"Display":"Last Click"},"3":{"Display":"Page Submit"},"4":{"Display":"Click Count"}},"GradingData":[],"Language":[],"NextChoiceId":60,"NextAnswerId":1,"QuestionID":"QID31"}},{"SurveyID":"SV_bBqPHg4whVSqH78","Element":"SQ","PrimaryAttribute":"QID33","SecondaryAttribute":"Timing","TertiaryAttribute":null,"Payload":{"QuestionText":"Timing","DefaultChoices":false,"DataExportTag":"","QuestionType":"Timing","Selector":"PageTimer","DataVisibility":{"Private":false,"Hidden":false},"Configuration":{"QuestionDescriptionOption":"UseText","MinSeconds":"0","MaxSeconds":30},"QuestionDescription":"Timing","Choices":{"1":{"Display":"First Click"},"2":{"Display":"Last Click"},"3":{"Display":"Page Submit"},"4":{"Display":"Click Count"}},"GradingData":[],"Language":[],"NextChoiceId":60,"NextAnswerId":1,"QuestionID":"QID33"}},{"SurveyID":"SV_bBqPHg4whVSqH78","Element":"SQ","PrimaryAttribute":"QID35","SecondaryAttribute":"Timing","TertiaryAttribute":null,"Payload":{"QuestionText":"Timing","DefaultChoices":false,"DataExportTag":"Q35","QuestionType":"Timing","Selector":"PageTimer","DataVisibility":{"Private":false,"Hidden":false},"Configuration":{"QuestionDescriptionOption":"UseText","MinSeconds":"0","MaxSeconds":30},"QuestionDescription":"Timing","Choices":{"1":{"Display":"First Click"},"2":{"Display":"Last Click"},"3":{"Display":"Page Submit"},"4":{"Display":"Click Count"}},"GradingData":[],"Language":[],"NextChoiceId":60,"NextAnswerId":1,"QuestionID":"QID35"}},{"SurveyID":"SV_bBqPHg4whVSqH78","Element":"SQ","PrimaryAttribute":"QID37","SecondaryAttribute":"Timing","TertiaryAttribute":null,"Payload":{"QuestionText":"Timing","DefaultChoices":false,"DataExportTag":"","QuestionType":"Timing","Selector":"PageTimer","DataVisibility":{"Private":false,"Hidden":false},"Configuration":{"QuestionDescriptionOption":"UseText","MinSeconds":"0","MaxSeconds":30},"QuestionDescription":"Timing","Choices":{"1":{"Display":"First Click"},"2":{"Display":"Last Click"},"3":{"Display":"Page Submit"},"4":{"Display":"Click Count"}},"GradingData":[],"Language":[],"NextChoiceId":60,"NextAnswerId":1,"QuestionID":"QID37"}},{"SurveyID":"SV_bBqPHg4whVSqH78","Element":"SQ","PrimaryAttribute":"QID39","SecondaryAttribute":"Timing","TertiaryAttribute":null,"Payload":{"QuestionText":"Timing","DefaultChoices":false,"DataExportTag":"Q39","QuestionType":"Timing","Selector":"PageTimer","DataVisibility":{"Private":false,"Hidden":false},"Configuration":{"QuestionDescriptionOption":"UseText","MinSeconds":"0","MaxSeconds":30},"QuestionDescription":"Timing","Choices":{"1":{"Display":"First Click"},"2":{"Display":"Last Click"},"3":{"Display":"Page Submit"},"4":{"Display":"Click Count"}},"GradingData":[],"Language":[],"NextChoiceId":60,"NextAnswerId":1,"QuestionID":"QID39"}},{"SurveyID":"SV_bBqPHg4whVSqH78","Element":"SQ","PrimaryAttribute":"QID41","SecondaryAttribute":"Timing","TertiaryAttribute":null,"Payload":{"QuestionText":"Timing","DefaultChoices":false,"DataExportTag":"Q41","QuestionType":"Timing","Selector":"PageTimer","DataVisibility":{"Private":false,"Hidden":false},"Configuration":{"QuestionDescriptionOption":"UseText","MinSeconds":"0","MaxSeconds":30},"QuestionDescription":"Timing","Choices":{"1":{"Display":"First Click"},"2":{"Display":"Last Click"},"3":{"Display":"Page Submit"},"4":{"Display":"Click Count"}},"GradingData":[],"Language":[],"NextChoiceId":60,"NextAnswerId":1,"QuestionID":"QID41"}},{"SurveyID":"SV_bBqPHg4whVSqH78","Element":"SQ","PrimaryAttribute":"QID24","SecondaryAttribute":"type \/ ghost \/ screen","TertiaryAttribute":null,"Payload":{"QuestionText":"type \/ ghost \/ screen","DefaultChoices":false,"DataExportTag":"Q24","QuestionType":"TE","Selector":"SL","DataVisibility":{"Private":false,"Hidden":false},"Configuration":{"QuestionDescriptionOption":"UseText"},"QuestionDescription":"type \/ ghost \/ screen","Validation":{"Settings":{"ForceResponse":"OFF","ForceResponseType":"ON","Type":"None","MinChars":"1"}},"GradingData":[],"Language":[],"NextChoiceId":4,"NextAnswerId":1,"SearchSource":{"AllowFreeResponse":"false"},"QuestionID":"QID24"}}]}