{"SurveyEntry":{"SurveyID":"SV_bezHhLvfSnBx1DU","SurveyName":"Alternative_uses_test","SurveyDescription":null,"SurveyOwnerID":"UR_3aglNhhXGEe1ufk","SurveyBrandID":"ubc","DivisionID":"DV_9A009OcMz4Ryzzv","SurveyLanguage":"EN","SurveyActiveResponseSet":"RS_e8TCSdYkvi7czFc","SurveyStatus":"Inactive","SurveyStartDate":"0000-00-00 00:00:00","SurveyExpirationDate":"0000-00-00 00:00:00","SurveyCreationDate":"2021-08-12 21:58:42","CreatorID":"UR_3aglNhhXGEe1ufk","LastModified":"2021-08-12 23:32:52","LastAccessed":"0000-00-00 00:00:00","LastActivated":"0000-00-00 00:00:00","Deleted":null},"SurveyElements":[{"SurveyID":"SV_bezHhLvfSnBx1DU","Element":"BL","PrimaryAttribute":"Survey Blocks","SecondaryAttribute":null,"TertiaryAttribute":null,"Payload":{"1":{"Type":"Trash","Description":"Trash \/ Unused Questions","ID":"BL_eRipILU7yrpHFhr","BlockElements":[]},"4":{"Type":"Standard","SubType":"","Description":"Divergent Thinking","ID":"BL_dg1ZzV19AIPtkl7","BlockElements":[{"Type":"Question","QuestionID":"QID23"},{"Type":"Page Break"},{"Type":"Question","QuestionID":"QID778"},{"Type":"Question","QuestionID":"QID779"},{"Type":"Page Break"},{"Type":"Question","QuestionID":"QID783"},{"Type":"Page Break"},{"Type":"Question","QuestionID":"QID784"},{"Type":"Question","QuestionID":"QID785"},{"Type":"Page Break"},{"Type":"Question","QuestionID":"QID786"},{"Type":"Page Break"},{"Type":"Question","QuestionID":"QID787"},{"Type":"Question","QuestionID":"QID788"}],"Options":{"BlockLocking":"false","RandomizeQuestions":"false","BlockVisibility":"Collapsed"}}}},{"SurveyID":"SV_bezHhLvfSnBx1DU","Element":"FL","PrimaryAttribute":"Survey Flow","SecondaryAttribute":null,"TertiaryAttribute":null,"Payload":{"Type":"Root","FlowID":"FL_1","Flow":[{"Type":"Standard","ID":"BL_dg1ZzV19AIPtkl7","FlowID":"FL_5","Autofill":[]}],"Properties":{"Count":83,"RemovedFieldsets":[]}}},{"SurveyID":"SV_bezHhLvfSnBx1DU","Element":"SO","PrimaryAttribute":"Survey Options","SecondaryAttribute":null,"TertiaryAttribute":null,"Payload":{"BackButton":"false","SaveAndContinue":"true","SurveyProtection":"PublicSurvey","BallotBoxStuffingPrevention":"false","NoIndex":"Yes","SecureResponseFiles":"true","SurveyExpiration":"None","SurveyTermination":"DefaultMessage","Header":"","Footer":"","ProgressBarDisplay":"None","PartialData":"+1 week","ValidationMessage":"","PreviousButton":" \u2190 ","NextButton":" \u2192 ","SkinLibrary":"Qualtrics","SkinType":"MQ","Skin":"v4qualtrics5","NewScoring":1,"libraryId":"","nextButtonMid":"","previousButtonMid":"","headerMid":"","footerMid":"","QuestionsPerPage":"","PageTransition":"Slide","Autofocus":"false","Autoadvance":"false","AutoadvancePages":"false","ExternalCSS":null,"CustomStyles":{"errorStyles":{"selector":".Skin .ValidationError","styles":{"color":null,"backgroundColor":null,"borderColor":null}},"errorStylesBG":{"selector":".Skin .HeaderValidationError, .Skin .HeaderValidationError li a","styles":{"color":null,"backgroundColor":null}},"pageStyles":{"selector":"#SurveyEngineBody","styles":{"backgroundColor":null}},"textStyles":{"selector":".SkinInner","styles":{"fontFamily":null,"fontSize":null,"fontWeight":null,"fontStyle":null,"textDecoration":null,"color":null}},"questionStyles":{"selector":".Skin .QuestionText","styles":{"fontFamily":null,"fontSize":null,"fontWeight":null,"fontStyle":null,"textDecoration":null,"color":null}},"choiceStyles":{"selector":".Skin .horizontalbar th.ylabel, .Skin .Matrix table td, .Skin .Matrix table th, .Skin .Matrix table thead th, .Skin .Matrix table thead td, .Skin .PGR .DragAndDrop .Items label, .Skin .QuestionBody ul.ChoiceStructure, .Skin .PGR .DragAndDrop .Group ul, .Skin .PGR .DragAndDrop .Group h2, .Skin .PGR .DragAndDrop .Items ul, .Skin .PGR .DragAndDrop .Items h2, .Skin .DD .QuestionBody table.ChoiceStructure, .Skin .PGR .DragAndDrop .NoColumns td.groupsContainerTd div ul, .Skin .PGR .DragAndDrop .NoColumns td.groupsContainerTd div h2, .Skin .SBS thead th, .Skin .SBS td, .Skin .SBS .Answers td, .Skin .SBS .Answers th, .SBS table.ChoiceStructure, .Skin .horizontalbar thead table.LabelDescriptions tr td, .Skin .horizontalbar thead tr td.NotApplicable, .QuestionBody th, .Skin .QuestionBody .MC .MAVR label, .Skin .QuestionBody .MC .SAVR label, .Skin .SBS thead th, .Skin .SBS td, .Skin .RO .DND ul li, .Skin .reg, .SkinInner .ChoiceStructure, .Skin thead, .Skin .GAP .ChoiceStructure thead th, .Skin .GAP .ChoiceStructure .c4, .Skin .GAP .ChoiceStructure th, .Skin .GAP .ChoiceStructure .WhyText, .SkinInner .ChoiceStructure .LightBG, .Skin .QuestionOuter.Highlight .Inner .reg, .Skin .QuestionOuter.Highlight .Inner .alt, .Skin .QuestionOuter.Highlight .Inner .ReadableAlt       ","styles":{"fontFamily":null,"fontSize":null,"fontWeight":null,"fontStyle":null,"textDecoration":null,"color":null}},"headerStyles":{"selector":".Skin div#Header","styles":{"color":null}},"footerStyles":{"selector":".Skin #Footer","styles":{"color":null}},"questionSeparatorStyles":{"selector":".Skin .Separator","styles":{"backgroundColor":null,"display":null}},"highlightStyles":{"selector":".Skin .QuestionOuter.Highlight .Inner, .Skin .QuestionOuter.Highlight .Inner .reg, .Skin .QuestionOuter.Highlight .Inner .alt, .Skin .QuestionOuter.Highlight .Inner .ReadableAlt","styles":{"backgroundColor":null}},"highlightStylesAlt":{"selector":".Skin .QuestionOuter.Highlight .Inner .ReadableAlt, .Skin .QuestionOuter.Highlight .Inner .LightBG","styles":{"backgroundColor":null}},"textEntryStyles":{"selector":".Skin select, .Skin .InputText","styles":{"color":null}},"borderStyles":{"selector":".Skin .CS .horizontalbar table.sliderGrid tr.xlabel th, .Skin .CS .horizontalbar .ylabel, .Skin .CS .horizontalbar table.sliderGrid tr td.value, .Skin .Slider .horizontalbar table.sliderGrid tr.xlabel th, .Skin .BorderColor, .Skin .DarkBorderColor, .Skin .Slider .horizontalbar table.sliderGrid tr td.value, .Skin thead, .Skin .GAP .ChoiceStructure thead th  ","styles":{"borderColor":null}},"altRowStyles":{"selector":".Skin .ReadableAlt, .Skin .LightBG","styles":{"backgroundColor":null}},"customCSS":null},"HighlightQuestions":"off","ProtectSelectionIds":true,"SurveyTitle":"Qualtrics Survey | Qualtrics Experience Management"}},{"SurveyID":"SV_bezHhLvfSnBx1DU","Element":"SCO","PrimaryAttribute":"Scoring","SecondaryAttribute":null,"TertiaryAttribute":null,"Payload":{"ScoringCategories":[],"ScoringCategoryGroups":[],"ScoringSummaryCategory":null,"ScoringSummaryAfterQuestions":0,"ScoringSummaryAfterSurvey":0,"DefaultScoringCategory":null,"AutoScoringCategory":null}},{"SurveyID":"SV_bezHhLvfSnBx1DU","Element":"PROJ","PrimaryAttribute":"CORE","SecondaryAttribute":null,"TertiaryAttribute":"1.1.0","Payload":{"ProjectCategory":"CORE","SchemaVersion":"1.1.0"}},{"SurveyID":"SV_bezHhLvfSnBx1DU","Element":"STAT","PrimaryAttribute":"Survey Statistics","SecondaryAttribute":null,"TertiaryAttribute":null,"Payload":{"MobileCompatible":true,"ID":"Survey Statistics"}},{"SurveyID":"SV_bezHhLvfSnBx1DU","Element":"QC","PrimaryAttribute":"Survey Question Count","SecondaryAttribute":"853","TertiaryAttribute":null,"Payload":null},{"SurveyID":"SV_bezHhLvfSnBx1DU","Element":"SQ","PrimaryAttribute":"QID154","SecondaryAttribute":"Click to write the question text","TertiaryAttribute":null,"Payload":{"QuestionText":"Click to write the question text","DefaultChoices":false,"DataExportTag":"Q278","QuestionType":"MC","Selector":"SAHR","SubSelector":"TX","DataVisibility":{"Private":false,"Hidden":false},"Configuration":{"QuestionDescriptionOption":"UseText","LabelPosition":"BELOW"},"QuestionDescription":"Click to write the question text","Choices":{"1":{"Display":"AAPP"},"2":{"Display":"CCRR"},"3":{"Display":"QQBB"},"4":{"Display":"EETT"},"5":{"Display":"DDSS"}},"ChoiceOrder":["1","2","3","4","5"],"Randomization":{"Advanced":null,"Type":"All","TotalRandSubset":""},"Validation":{"Settings":{"ForceResponse":"OFF","ForceResponseType":"ON","Type":"None"}},"GradingData":[],"Language":[],"NextChoiceId":6,"NextAnswerId":1,"QuestionID":"QID154"}},{"SurveyID":"SV_bezHhLvfSnBx1DU","Element":"CJ","PrimaryAttribute":"CJ_8hNLZ6lgmYvq8Lj","SecondaryAttribute":"Conjoint","TertiaryAttribute":null,"Payload":{"Type":"SelfExplicated","Description":"Conjoint","DisplayOption":"Importance","DataExportTag":"CJ1","QuestionType":"Conjoint","T_FeatureElemenation":"Is ANY FEATURE LEVEL SO UNACCEPTABLE that ALL OPTIONS CONTAINING THAT LEVEL WOULD BE REJECTED, NO MATTER HOW ATTRACTIVE THE OPTION ON ALL OTHER FEATURES? In other words, with this feature level present, the option just doesn't work for you... and would NEVER, EVER, EVER be considered. It would be better for you to go totally without this product or service than have one with this feature level.","T_MostandLeastPreferred":"Please select your most preferred and least preferred for each set shown below:","T_PreferenceMostandLeast":"Considering the concepts you've just seen, please indicate your preference for the following:","T_ImportancesConstSum":"In the previous questions, you rated the following as your most preferred. Please allocate 100 percentage points showing the relative importance of each:","T_UpgradeConstSum":"Assume you are upgrading...please allocate 100 percentage points showing the relative importance of each upgrade:","DisplayOneAtATime":false,"Features":[],"ID":"CJ_8hNLZ6lgmYvq8Lj"}},{"SurveyID":"SV_bezHhLvfSnBx1DU","Element":"RS","PrimaryAttribute":"RS_e8TCSdYkvi7czFc","SecondaryAttribute":"Default Response Set","TertiaryAttribute":null,"Payload":null},{"SurveyID":"SV_bezHhLvfSnBx1DU","Element":"SQ","PrimaryAttribute":"QID23","SecondaryAttribute":"For this task, you'll be asked to come up with as many original and creative uses for objects as...","TertiaryAttribute":null,"Payload":{"QuestionText":"<div><span style=\"font-size: 16px;\">For this task, you'll be asked to come up with as many original and creative uses for objects as you can. The goal is to come up with *creative ideas*, which are ideas that strike people as clever, unusual, interesting, uncommon, humorous, innovative, or different.<\/span><\/div><div><span style=\"font-size: 16px;\">&nbsp;<\/span><\/div><div><span style=\"font-size: 16px;\">You will be asked to type uses for 3 different objects.&nbsp;<\/span><\/div><div><span style=\"font-size: 16px;\">&nbsp;<\/span><\/div><div><span style=\"font-size: 16px;\">You will have 2 minutes to type as many creative uses for each object as you can -- just press TAB after each one.<\/span><\/div><div><span style=\"font-size: 16px;\">&nbsp;<\/span><\/div><div><span style=\"font-size: 16px;\">Click the arrow to begin.<\/span><\/div>","DefaultChoices":false,"DataExportTag":"Q29","QuestionType":"DB","Selector":"TB","DataVisibility":{"Private":false,"Hidden":false},"Configuration":{"QuestionDescriptionOption":"UseText"},"QuestionDescription":"For this task, you'll be asked to come up with as many original and creative uses for objects as...","ChoiceOrder":[],"Validation":{"Settings":{"Type":"None"}},"GradingData":[],"Language":[],"NextChoiceId":1,"NextAnswerId":1,"QuestionID":"QID23"}},{"SurveyID":"SV_bezHhLvfSnBx1DU","Element":"SQ","PrimaryAttribute":"QID783","SecondaryAttribute":"Next, you will be asked to think of creative uses for another object. You will have 2 minutes to...","TertiaryAttribute":null,"Payload":{"QuestionText":"<div><span style=\"font-size: 16px;\">Next, you will be asked to think of creative uses for another object. You will have 2 minutes to type as many creative uses for the object as you can. Enter each idea into a separate text box.&nbsp;<\/span><\/div><div><div>&nbsp;<\/div><div><span style=\"font-size: 16px;\">Press the arrow to begin.<\/span><\/div><\/div><div><br><\/div><div><br><\/div>","DefaultChoices":false,"DataExportTag":"Q777","QuestionType":"DB","Selector":"TB","DataVisibility":{"Private":false,"Hidden":false},"Configuration":{"QuestionDescriptionOption":"UseText"},"QuestionDescription":"Next, you will be asked to think of creative uses for another object. You will have 2 minutes to...","ChoiceOrder":[],"Validation":{"Settings":{"Type":"None"}},"GradingData":[],"Language":[],"NextChoiceId":1,"NextAnswerId":1,"QuestionID":"QID783"}},{"SurveyID":"SV_bezHhLvfSnBx1DU","Element":"SQ","PrimaryAttribute":"QID786","SecondaryAttribute":"Next, you will be asked to think of creative uses for another object. You will have 2 minutes to...","TertiaryAttribute":null,"Payload":{"QuestionText":"<div><span style=\"font-size: 16px;\">Next, you will be asked to think of creative uses for another object. You will have 2 minutes to type as many creative uses for the object as you can. Enter each idea into a separate text box.&nbsp;<\/span><\/div><div><div>&nbsp;<\/div><div><span style=\"font-size: 16px;\">Press the arrow to begin.<\/span><\/div><\/div><div><br><\/div><div><br><\/div>","DefaultChoices":false,"DataExportTag":"Q783","QuestionType":"DB","Selector":"TB","DataVisibility":{"Private":false,"Hidden":false},"Configuration":{"QuestionDescriptionOption":"UseText"},"QuestionDescription":"Next, you will be asked to think of creative uses for another object. You will have 2 minutes to...","ChoiceOrder":[],"Validation":{"Settings":{"Type":"None"}},"GradingData":[],"Language":[],"NextChoiceId":1,"NextAnswerId":1,"QuestionID":"QID786"}},{"SurveyID":"SV_bezHhLvfSnBx1DU","Element":"SQ","PrimaryAttribute":"QID784","SecondaryAttribute":"Please list all of the creative, unusual uses for a BOX you can think of.\u00a0 Press TAB after each o..","TertiaryAttribute":null,"Payload":{"QuestionText":"<span style=\"font-size:19px;\">Please list all of the creative, unusual uses for a BOX you can think of.&nbsp;<\/span><div><span style=\"font-size:19px;\"><br><\/span><\/div><div><span style=\"font-size: 19px;\">Press TAB after each one.<\/span><\/div>","DefaultChoices":false,"DataExportTag":"box","QuestionType":"TE","Selector":"FORM","DataVisibility":{"Private":false,"Hidden":false},"Configuration":{"QuestionDescriptionOption":"UseText"},"QuestionDescription":"Please list all of the creative, unusual uses for a BOX you can think of.\u00a0 Press TAB after each o...","Choices":{"1":{"Display":"&nbsp;","TextEntry":"on","InputHeight":29,"InputWidth":470},"2":{"Display":"&nbsp;","TextEntry":"on","InputHeight":29,"InputWidth":470},"3":{"Display":"&nbsp;","TextEntry":"on","InputHeight":29,"InputWidth":470},"4":{"Display":"&nbsp;","TextEntry":"on","InputHeight":29,"InputWidth":470},"5":{"Display":"&nbsp;","TextEntry":"on","InputHeight":29,"InputWidth":470},"6":{"Display":"&nbsp;","TextEntry":"on","InputHeight":29,"InputWidth":470},"7":{"Display":"&nbsp;","TextEntry":"on","InputHeight":29,"InputWidth":470},"8":{"Display":"&nbsp;","TextEntry":"on","InputHeight":29,"InputWidth":470},"9":{"Display":"&nbsp;","TextEntry":"on","InputHeight":29,"InputWidth":470},"10":{"Display":"&nbsp;","TextEntry":"on","InputHeight":29,"InputWidth":470},"11":{"Display":"&nbsp;","TextEntry":"on","InputHeight":29,"InputWidth":470},"12":{"Display":"&nbsp;","TextEntry":"on","InputHeight":29,"InputWidth":470},"13":{"Display":"&nbsp;","TextEntry":"on","InputHeight":29,"InputWidth":470},"14":{"Display":"&nbsp;","TextEntry":"on","InputHeight":29,"InputWidth":470},"15":{"Display":"&nbsp;","TextEntry":"on","InputHeight":29,"InputWidth":470},"16":{"Display":"&nbsp;","TextEntry":"on","InputHeight":29,"InputWidth":470},"17":{"Display":"&nbsp;","TextEntry":"on","InputHeight":29,"InputWidth":470},"18":{"Display":"&nbsp;","TextEntry":"on","InputHeight":29,"InputWidth":470},"19":{"Display":"&nbsp;","TextEntry":"on","InputHeight":29,"InputWidth":470},"20":{"Display":"&nbsp;","TextEntry":"on","InputHeight":29,"InputWidth":470},"21":{"Display":"&nbsp;","TextEntry":"on","InputHeight":29,"InputWidth":470},"22":{"Display":"&nbsp;","TextEntry":"on","InputHeight":29,"InputWidth":470},"23":{"Display":"&nbsp;","TextEntry":"on","InputHeight":29,"InputWidth":470},"24":{"Display":"&nbsp;","TextEntry":"on","InputHeight":29,"InputWidth":470},"25":{"Display":"&nbsp;","TextEntry":"on","InputHeight":29,"InputWidth":470}},"ChoiceOrder":["1","2","3","4","5","6","7","8","9","10","11","12","13","14","15","16","17","18","19","20","21","22","23","24","25"],"Validation":{"Settings":{"ForceResponse":"OFF","ForceResponseType":"ON","Type":null}},"GradingData":[],"Language":[],"NextChoiceId":26,"NextAnswerId":1,"QuestionID":"QID784"}},{"SurveyID":"SV_bezHhLvfSnBx1DU","Element":"SQ","PrimaryAttribute":"QID787","SecondaryAttribute":"Please list all of the creative, unusual uses for a PEN you can think of. Press TAB after each on...","TertiaryAttribute":null,"Payload":{"QuestionText":"<span style=\"font-size:19px;\">Please list all of the creative, unusual uses for a PEN you can think of.<\/span><div><span style=\"font-size:19px;\"><br><\/span><\/div><div><span style=\"font-size: 19px;\">Press TAB after each one.<\/span><span style=\"font-size:19px;\">&nbsp;<\/span><\/div>","DefaultChoices":false,"DataExportTag":"pen","QuestionType":"TE","Selector":"FORM","DataVisibility":{"Private":false,"Hidden":false},"Configuration":{"QuestionDescriptionOption":"UseText"},"QuestionDescription":"Please list all of the creative, unusual uses for a PEN you can think of. Press TAB after each on...","Choices":{"1":{"Display":"&nbsp;","TextEntry":"on","InputHeight":29,"InputWidth":470},"2":{"Display":"&nbsp;","TextEntry":"on","InputHeight":29,"InputWidth":470},"3":{"Display":"&nbsp;","TextEntry":"on","InputHeight":29,"InputWidth":470},"4":{"Display":"&nbsp;","TextEntry":"on","InputHeight":29,"InputWidth":470},"5":{"Display":"&nbsp;","TextEntry":"on","InputHeight":29,"InputWidth":470},"6":{"Display":"&nbsp;","TextEntry":"on","InputHeight":29,"InputWidth":470},"7":{"Display":"&nbsp;","TextEntry":"on","InputHeight":29,"InputWidth":470},"8":{"Display":"&nbsp;","TextEntry":"on","InputHeight":29,"InputWidth":470},"9":{"Display":"&nbsp;","TextEntry":"on","InputHeight":29,"InputWidth":470},"10":{"Display":"&nbsp;","TextEntry":"on","InputHeight":29,"InputWidth":470},"11":{"Display":"&nbsp;","TextEntry":"on","InputHeight":29,"InputWidth":470},"12":{"Display":"&nbsp;","TextEntry":"on","InputHeight":29,"InputWidth":470},"13":{"Display":"&nbsp;","TextEntry":"on","InputHeight":29,"InputWidth":470},"14":{"Display":"&nbsp;","TextEntry":"on","InputHeight":29,"InputWidth":470},"15":{"Display":"&nbsp;","TextEntry":"on","InputHeight":29,"InputWidth":470},"16":{"Display":"&nbsp;","TextEntry":"on","InputHeight":29,"InputWidth":470},"17":{"Display":"&nbsp;","TextEntry":"on","InputHeight":29,"InputWidth":470},"18":{"Display":"&nbsp;","TextEntry":"on","InputHeight":29,"InputWidth":470},"19":{"Display":"&nbsp;","TextEntry":"on","InputHeight":29,"InputWidth":470},"20":{"Display":"&nbsp;","TextEntry":"on","InputHeight":29,"InputWidth":470},"21":{"Display":"&nbsp;","TextEntry":"on","InputHeight":29,"InputWidth":470},"22":{"Display":"&nbsp;","TextEntry":"on","InputHeight":29,"InputWidth":470},"23":{"Display":"&nbsp;","TextEntry":"on","InputHeight":29,"InputWidth":470},"24":{"Display":"&nbsp;","TextEntry":"on","InputHeight":29,"InputWidth":470},"25":{"Display":"&nbsp;","TextEntry":"on","InputHeight":29,"InputWidth":470}},"ChoiceOrder":["1","2","3","4","5","6","7","8","9","10","11","12","13","14","15","16","17","18","19","20","21","22","23","24","25"],"Validation":{"Settings":{"ForceResponse":"OFF","ForceResponseType":"ON","Type":null}},"GradingData":[],"Language":[],"NextChoiceId":26,"NextAnswerId":1,"QuestionID":"QID787"}},{"SurveyID":"SV_bezHhLvfSnBx1DU","Element":"SQ","PrimaryAttribute":"QID778","SecondaryAttribute":"Please list all of the creative, unusual uses for a ROPE you can think of.\u00a0 Press TAB after each...","TertiaryAttribute":null,"Payload":{"QuestionText":"<span style=\"font-size:19px;\">Please list all of the creative, unusual uses for a ROPE you can think of.&nbsp;<\/span><div><span style=\"font-size:19px;\"><br><\/span><\/div><div><span style=\"font-size: 19px;\">Press TAB after each one.<\/span><\/div>","DefaultChoices":false,"DataExportTag":"rope","QuestionType":"TE","Selector":"FORM","DataVisibility":{"Private":false,"Hidden":false},"Configuration":{"QuestionDescriptionOption":"UseText"},"QuestionDescription":"Please list all of the creative, unusual uses for a ROPE you can think of.\u00a0 Press TAB after each...","Choices":{"1":{"Display":"&nbsp;","TextEntry":"on","InputHeight":29,"InputWidth":470},"2":{"Display":"&nbsp;","TextEntry":"on","InputHeight":29,"InputWidth":470},"3":{"Display":"&nbsp;","TextEntry":"on","InputHeight":29,"InputWidth":470},"4":{"Display":"&nbsp;","TextEntry":"on","InputHeight":29,"InputWidth":470},"5":{"Display":"&nbsp;","TextEntry":"on","InputHeight":29,"InputWidth":470},"6":{"Display":"&nbsp;","TextEntry":"on","InputHeight":29,"InputWidth":470},"7":{"Display":"&nbsp;","TextEntry":"on","InputHeight":29,"InputWidth":470},"8":{"Display":"&nbsp;","TextEntry":"on","InputHeight":29,"InputWidth":470},"9":{"Display":"&nbsp;","TextEntry":"on","InputHeight":29,"InputWidth":470},"10":{"Display":"&nbsp;","TextEntry":"on","InputHeight":29,"InputWidth":470},"11":{"Display":"&nbsp;","TextEntry":"on","InputHeight":29,"InputWidth":470},"12":{"Display":"&nbsp;","TextEntry":"on","InputHeight":29,"InputWidth":470},"13":{"Display":"&nbsp;","TextEntry":"on","InputHeight":29,"InputWidth":470},"14":{"Display":"&nbsp;","TextEntry":"on","InputHeight":29,"InputWidth":470},"15":{"Display":"&nbsp;","TextEntry":"on","InputHeight":29,"InputWidth":470},"16":{"Display":"&nbsp;","TextEntry":"on","InputHeight":29,"InputWidth":470},"17":{"Display":"&nbsp;","TextEntry":"on","InputHeight":29,"InputWidth":470},"18":{"Display":"&nbsp;","TextEntry":"on","InputHeight":29,"InputWidth":470},"19":{"Display":"&nbsp;","TextEntry":"on","InputHeight":29,"InputWidth":470},"20":{"Display":"&nbsp;","TextEntry":"on","InputHeight":29,"InputWidth":470},"21":{"Display":"&nbsp;","TextEntry":"on","InputHeight":29,"InputWidth":470},"22":{"Display":"&nbsp;","TextEntry":"on","InputHeight":29,"InputWidth":470},"23":{"Display":"&nbsp;","TextEntry":"on","InputHeight":29,"InputWidth":470},"24":{"Display":"&nbsp;","TextEntry":"on","InputHeight":29,"InputWidth":470},"25":{"Display":"&nbsp;","TextEntry":"on","InputHeight":29,"InputWidth":470}},"ChoiceOrder":["1","2","3","4","5","6","7","8","9","10","11","12","13","14","15","16","17","18","19","20","21","22","23","24","25"],"Validation":{"Settings":{"ForceResponse":"OFF","ForceResponseType":"ON","Type":null}},"GradingData":[],"Language":[],"NextChoiceId":26,"NextAnswerId":1,"QuestionID":"QID778"}},{"SurveyID":"SV_bezHhLvfSnBx1DU","Element":"SQ","PrimaryAttribute":"QID779","SecondaryAttribute":"Timing","TertiaryAttribute":null,"Payload":{"QuestionText":"Timing","DefaultChoices":false,"DataExportTag":"rope_t","QuestionType":"Timing","Selector":"PageTimer","DataVisibility":{"Private":false,"Hidden":false},"Configuration":{"QuestionDescriptionOption":"UseText","MinSeconds":120,"MaxSeconds":120},"QuestionDescription":"Timing","Choices":{"1":{"Display":"First Click"},"2":{"Display":"Last Click"},"3":{"Display":"Page Submit"},"4":{"Display":"Click Count"}},"GradingData":[],"Language":[],"NextChoiceId":5,"NextAnswerId":1,"QuestionID":"QID779"}},{"SurveyID":"SV_bezHhLvfSnBx1DU","Element":"SQ","PrimaryAttribute":"QID785","SecondaryAttribute":"Timing","TertiaryAttribute":null,"Payload":{"QuestionText":"Timing","DefaultChoices":false,"DataExportTag":"box_t","QuestionType":"Timing","Selector":"PageTimer","DataVisibility":{"Private":false,"Hidden":false},"Configuration":{"QuestionDescriptionOption":"UseText","MinSeconds":120,"MaxSeconds":120},"QuestionDescription":"Timing","Choices":{"1":{"Display":"First Click"},"2":{"Display":"Last Click"},"3":{"Display":"Page Submit"},"4":{"Display":"Click Count"}},"GradingData":[],"Language":[],"NextChoiceId":29,"NextAnswerId":1,"QuestionID":"QID785"}},{"SurveyID":"SV_bezHhLvfSnBx1DU","Element":"SQ","PrimaryAttribute":"QID788","SecondaryAttribute":"Timing","TertiaryAttribute":null,"Payload":{"QuestionText":"Timing","DefaultChoices":false,"DataExportTag":"pen_t","QuestionType":"Timing","Selector":"PageTimer","DataVisibility":{"Private":false,"Hidden":false},"Configuration":{"QuestionDescriptionOption":"UseText","MinSeconds":120,"MaxSeconds":120},"QuestionDescription":"Timing","Choices":{"1":{"Display":"First Click"},"2":{"Display":"Last Click"},"3":{"Display":"Page Submit"},"4":{"Display":"Click Count"}},"GradingData":[],"Language":[],"NextChoiceId":21,"NextAnswerId":1,"QuestionID":"QID788"}}]}